// !$*UTF8*$!
{
	archiveVersion = 1;
	classes = {
	};
	objectVersion = 46;
	objects = {

/* Begin PBXBuildFile section */
		0E279E1D1CBB52E900F2582A /* BombKit.h in Headers */ = {isa = PBXBuildFile; fileRef = 0E279E1C1CBB52E900F2582A /* BombKit.h */; settings = {ATTRIBUTES = (Public, ); }; };
		0E279E241CBB52E900F2582A /* BombKit.framework in Frameworks */ = {isa = PBXBuildFile; fileRef = 0E279E191CBB52E900F2582A /* BombKit.framework */; };
		0E279E481CBB538C00F2582A /* BombKit OSX.h in Headers */ = {isa = PBXBuildFile; fileRef = 0E279E471CBB538C00F2582A /* BombKit OSX.h */; settings = {ATTRIBUTES = (Public, ); }; };
		0E279E4F1CBB538C00F2582A /* BombKit.framework in Frameworks */ = {isa = PBXBuildFile; fileRef = 0E279E451CBB538C00F2582A /* BombKit.framework */; };
		0E279E641CBB543400F2582A /* BombKit tvOS.h in Headers */ = {isa = PBXBuildFile; fileRef = 0E279E631CBB543400F2582A /* BombKit tvOS.h */; settings = {ATTRIBUTES = (Public, ); }; };
		0E279E6B1CBB543400F2582A /* BombKit.framework in Frameworks */ = {isa = PBXBuildFile; fileRef = 0E279E611CBB543400F2582A /* BombKit.framework */; };
		0E279E7C1CBB54E500F2582A /* BombRequest.h in Headers */ = {isa = PBXBuildFile; fileRef = 0E279E7A1CBB54E500F2582A /* BombRequest.h */; settings = {ATTRIBUTES = (Public, ); }; };
		0E279E7D1CBB54E500F2582A /* BombRequest.h in Headers */ = {isa = PBXBuildFile; fileRef = 0E279E7A1CBB54E500F2582A /* BombRequest.h */; settings = {ATTRIBUTES = (Public, ); }; };
		0E279E7E1CBB54E500F2582A /* BombRequest.h in Headers */ = {isa = PBXBuildFile; fileRef = 0E279E7A1CBB54E500F2582A /* BombRequest.h */; settings = {ATTRIBUTES = (Public, ); }; };
		0E279E7F1CBB54E500F2582A /* BombRequest.m in Sources */ = {isa = PBXBuildFile; fileRef = 0E279E7B1CBB54E500F2582A /* BombRequest.m */; };
		0E279E801CBB54E500F2582A /* BombRequest.m in Sources */ = {isa = PBXBuildFile; fileRef = 0E279E7B1CBB54E500F2582A /* BombRequest.m */; };
		0E279E811CBB54E500F2582A /* BombRequest.m in Sources */ = {isa = PBXBuildFile; fileRef = 0E279E7B1CBB54E500F2582A /* BombRequest.m */; };
		0E279E831CBB552200F2582A /* BombRequestTests.m in Sources */ = {isa = PBXBuildFile; fileRef = 0E279E821CBB552200F2582A /* BombRequestTests.m */; };
		0E279E841CBB552200F2582A /* BombRequestTests.m in Sources */ = {isa = PBXBuildFile; fileRef = 0E279E821CBB552200F2582A /* BombRequestTests.m */; };
		0E279E851CBB552200F2582A /* BombRequestTests.m in Sources */ = {isa = PBXBuildFile; fileRef = 0E279E821CBB552200F2582A /* BombRequestTests.m */; };
		0E279E881CBB564200F2582A /* BombRequestBuilder.h in Headers */ = {isa = PBXBuildFile; fileRef = 0E279E861CBB564200F2582A /* BombRequestBuilder.h */; settings = {ATTRIBUTES = (Public, ); }; };
		0E279E891CBB564200F2582A /* BombRequestBuilder.h in Headers */ = {isa = PBXBuildFile; fileRef = 0E279E861CBB564200F2582A /* BombRequestBuilder.h */; settings = {ATTRIBUTES = (Public, ); }; };
		0E279E8A1CBB564200F2582A /* BombRequestBuilder.h in Headers */ = {isa = PBXBuildFile; fileRef = 0E279E861CBB564200F2582A /* BombRequestBuilder.h */; settings = {ATTRIBUTES = (Public, ); }; };
		0E279E8B1CBB564200F2582A /* BombRequestBuilder.m in Sources */ = {isa = PBXBuildFile; fileRef = 0E279E871CBB564200F2582A /* BombRequestBuilder.m */; };
		0E279E8C1CBB564200F2582A /* BombRequestBuilder.m in Sources */ = {isa = PBXBuildFile; fileRef = 0E279E871CBB564200F2582A /* BombRequestBuilder.m */; };
		0E279E8D1CBB564200F2582A /* BombRequestBuilder.m in Sources */ = {isa = PBXBuildFile; fileRef = 0E279E871CBB564200F2582A /* BombRequestBuilder.m */; };
		0E279E901CBB5C9700F2582A /* NSError+BombKit.h in Headers */ = {isa = PBXBuildFile; fileRef = 0E279E8E1CBB5C9700F2582A /* NSError+BombKit.h */; };
		0E279E911CBB5C9700F2582A /* NSError+BombKit.h in Headers */ = {isa = PBXBuildFile; fileRef = 0E279E8E1CBB5C9700F2582A /* NSError+BombKit.h */; };
		0E279E921CBB5C9700F2582A /* NSError+BombKit.h in Headers */ = {isa = PBXBuildFile; fileRef = 0E279E8E1CBB5C9700F2582A /* NSError+BombKit.h */; };
		0E279E931CBB5C9700F2582A /* NSError+BombKit.m in Sources */ = {isa = PBXBuildFile; fileRef = 0E279E8F1CBB5C9700F2582A /* NSError+BombKit.m */; };
		0E279E941CBB5C9700F2582A /* NSError+BombKit.m in Sources */ = {isa = PBXBuildFile; fileRef = 0E279E8F1CBB5C9700F2582A /* NSError+BombKit.m */; };
		0E279E951CBB5C9700F2582A /* NSError+BombKit.m in Sources */ = {isa = PBXBuildFile; fileRef = 0E279E8F1CBB5C9700F2582A /* NSError+BombKit.m */; };
/* End PBXBuildFile section */

/* Begin PBXContainerItemProxy section */
		0E279E251CBB52E900F2582A /* PBXContainerItemProxy */ = {
			isa = PBXContainerItemProxy;
			containerPortal = 0E279E101CBB52E900F2582A /* Project object */;
			proxyType = 1;
			remoteGlobalIDString = 0E279E181CBB52E900F2582A;
			remoteInfo = BombKit;
		};
		0E279E501CBB538C00F2582A /* PBXContainerItemProxy */ = {
			isa = PBXContainerItemProxy;
			containerPortal = 0E279E101CBB52E900F2582A /* Project object */;
			proxyType = 1;
			remoteGlobalIDString = 0E279E441CBB538C00F2582A;
			remoteInfo = "BombKit OSX";
		};
		0E279E6C1CBB543400F2582A /* PBXContainerItemProxy */ = {
			isa = PBXContainerItemProxy;
			containerPortal = 0E279E101CBB52E900F2582A /* Project object */;
			proxyType = 1;
			remoteGlobalIDString = 0E279E601CBB543400F2582A;
			remoteInfo = "BombKit tvOS";
		};
/* End PBXContainerItemProxy section */

/* Begin PBXFileReference section */
		0E279E191CBB52E900F2582A /* BombKit.framework */ = {isa = PBXFileReference; explicitFileType = wrapper.framework; includeInIndex = 0; path = BombKit.framework; sourceTree = BUILT_PRODUCTS_DIR; };
		0E279E1C1CBB52E900F2582A /* BombKit.h */ = {isa = PBXFileReference; lastKnownFileType = sourcecode.c.h; path = BombKit.h; sourceTree = "<group>"; };
		0E279E1E1CBB52E900F2582A /* Info.plist */ = {isa = PBXFileReference; lastKnownFileType = text.plist.xml; path = Info.plist; sourceTree = "<group>"; };
		0E279E231CBB52E900F2582A /* BombKitTests.xctest */ = {isa = PBXFileReference; explicitFileType = wrapper.cfbundle; includeInIndex = 0; path = BombKitTests.xctest; sourceTree = BUILT_PRODUCTS_DIR; };
		0E279E2A1CBB52E900F2582A /* Info.plist */ = {isa = PBXFileReference; lastKnownFileType = text.plist.xml; path = Info.plist; sourceTree = "<group>"; };
		0E279E451CBB538C00F2582A /* BombKit.framework */ = {isa = PBXFileReference; explicitFileType = wrapper.framework; includeInIndex = 0; path = BombKit.framework; sourceTree = BUILT_PRODUCTS_DIR; };
		0E279E471CBB538C00F2582A /* BombKit OSX.h */ = {isa = PBXFileReference; lastKnownFileType = sourcecode.c.h; path = "BombKit OSX.h"; sourceTree = "<group>"; };
		0E279E491CBB538C00F2582A /* Info.plist */ = {isa = PBXFileReference; lastKnownFileType = text.plist.xml; path = Info.plist; sourceTree = "<group>"; };
		0E279E4E1CBB538C00F2582A /* BombKit OSXTests.xctest */ = {isa = PBXFileReference; explicitFileType = wrapper.cfbundle; includeInIndex = 0; path = "BombKit OSXTests.xctest"; sourceTree = BUILT_PRODUCTS_DIR; };
		0E279E551CBB538C00F2582A /* Info.plist */ = {isa = PBXFileReference; lastKnownFileType = text.plist.xml; path = Info.plist; sourceTree = "<group>"; };
		0E279E611CBB543400F2582A /* BombKit.framework */ = {isa = PBXFileReference; explicitFileType = wrapper.framework; includeInIndex = 0; path = BombKit.framework; sourceTree = BUILT_PRODUCTS_DIR; };
		0E279E631CBB543400F2582A /* BombKit tvOS.h */ = {isa = PBXFileReference; lastKnownFileType = sourcecode.c.h; path = "BombKit tvOS.h"; sourceTree = "<group>"; };
		0E279E651CBB543400F2582A /* Info.plist */ = {isa = PBXFileReference; lastKnownFileType = text.plist.xml; path = Info.plist; sourceTree = "<group>"; };
		0E279E6A1CBB543400F2582A /* BombKit tvOSTests.xctest */ = {isa = PBXFileReference; explicitFileType = wrapper.cfbundle; includeInIndex = 0; path = "BombKit tvOSTests.xctest"; sourceTree = BUILT_PRODUCTS_DIR; };
		0E279E711CBB543400F2582A /* Info.plist */ = {isa = PBXFileReference; lastKnownFileType = text.plist.xml; path = Info.plist; sourceTree = "<group>"; };
		0E279E7A1CBB54E500F2582A /* BombRequest.h */ = {isa = PBXFileReference; fileEncoding = 4; lastKnownFileType = sourcecode.c.h; path = BombRequest.h; sourceTree = "<group>"; };
		0E279E7B1CBB54E500F2582A /* BombRequest.m */ = {isa = PBXFileReference; fileEncoding = 4; lastKnownFileType = sourcecode.c.objc; path = BombRequest.m; sourceTree = "<group>"; };
		0E279E821CBB552200F2582A /* BombRequestTests.m */ = {isa = PBXFileReference; fileEncoding = 4; lastKnownFileType = sourcecode.c.objc; path = BombRequestTests.m; sourceTree = "<group>"; };
		0E279E861CBB564200F2582A /* BombRequestBuilder.h */ = {isa = PBXFileReference; fileEncoding = 4; lastKnownFileType = sourcecode.c.h; path = BombRequestBuilder.h; sourceTree = "<group>"; };
		0E279E871CBB564200F2582A /* BombRequestBuilder.m */ = {isa = PBXFileReference; fileEncoding = 4; lastKnownFileType = sourcecode.c.objc; path = BombRequestBuilder.m; sourceTree = "<group>"; };
		0E279E8E1CBB5C9700F2582A /* NSError+BombKit.h */ = {isa = PBXFileReference; fileEncoding = 4; lastKnownFileType = sourcecode.c.h; path = "NSError+BombKit.h"; sourceTree = "<group>"; };
		0E279E8F1CBB5C9700F2582A /* NSError+BombKit.m */ = {isa = PBXFileReference; fileEncoding = 4; lastKnownFileType = sourcecode.c.objc; path = "NSError+BombKit.m"; sourceTree = "<group>"; };
/* End PBXFileReference section */

/* Begin PBXFrameworksBuildPhase section */
		0E279E151CBB52E900F2582A /* Frameworks */ = {
			isa = PBXFrameworksBuildPhase;
			buildActionMask = 2147483647;
			files = (
			);
			runOnlyForDeploymentPostprocessing = 0;
		};
		0E279E201CBB52E900F2582A /* Frameworks */ = {
			isa = PBXFrameworksBuildPhase;
			buildActionMask = 2147483647;
			files = (
				0E279E241CBB52E900F2582A /* BombKit.framework in Frameworks */,
			);
			runOnlyForDeploymentPostprocessing = 0;
		};
		0E279E411CBB538C00F2582A /* Frameworks */ = {
			isa = PBXFrameworksBuildPhase;
			buildActionMask = 2147483647;
			files = (
			);
			runOnlyForDeploymentPostprocessing = 0;
		};
		0E279E4B1CBB538C00F2582A /* Frameworks */ = {
			isa = PBXFrameworksBuildPhase;
			buildActionMask = 2147483647;
			files = (
				0E279E4F1CBB538C00F2582A /* BombKit.framework in Frameworks */,
			);
			runOnlyForDeploymentPostprocessing = 0;
		};
		0E279E5D1CBB543400F2582A /* Frameworks */ = {
			isa = PBXFrameworksBuildPhase;
			buildActionMask = 2147483647;
			files = (
			);
			runOnlyForDeploymentPostprocessing = 0;
		};
		0E279E671CBB543400F2582A /* Frameworks */ = {
			isa = PBXFrameworksBuildPhase;
			buildActionMask = 2147483647;
			files = (
				0E279E6B1CBB543400F2582A /* BombKit.framework in Frameworks */,
			);
			runOnlyForDeploymentPostprocessing = 0;
		};
/* End PBXFrameworksBuildPhase section */

/* Begin PBXGroup section */
		0E279E0F1CBB52E900F2582A = {
			isa = PBXGroup;
			children = (
				0E279E791CBB54C200F2582A /* Tests */,
				0E279E781CBB54B800F2582A /* Classes */,
				0E279E1B1CBB52E900F2582A /* BombKit */,
				0E279E271CBB52E900F2582A /* BombKitTests */,
				0E279E461CBB538C00F2582A /* BombKit OSX */,
				0E279E521CBB538C00F2582A /* BombKit OSXTests */,
				0E279E621CBB543400F2582A /* BombKit tvOS */,
				0E279E6E1CBB543400F2582A /* BombKit tvOSTests */,
				0E279E1A1CBB52E900F2582A /* Products */,
			);
			sourceTree = "<group>";
		};
		0E279E1A1CBB52E900F2582A /* Products */ = {
			isa = PBXGroup;
			children = (
				0E279E191CBB52E900F2582A /* BombKit.framework */,
				0E279E231CBB52E900F2582A /* BombKitTests.xctest */,
				0E279E451CBB538C00F2582A /* BombKit.framework */,
				0E279E4E1CBB538C00F2582A /* BombKit OSXTests.xctest */,
				0E279E611CBB543400F2582A /* BombKit.framework */,
				0E279E6A1CBB543400F2582A /* BombKit tvOSTests.xctest */,
			);
			name = Products;
			sourceTree = "<group>";
		};
		0E279E1B1CBB52E900F2582A /* BombKit */ = {
			isa = PBXGroup;
			children = (
				0E279E1C1CBB52E900F2582A /* BombKit.h */,
				0E279E1E1CBB52E900F2582A /* Info.plist */,
			);
			path = BombKit;
			sourceTree = "<group>";
		};
		0E279E271CBB52E900F2582A /* BombKitTests */ = {
			isa = PBXGroup;
			children = (
				0E279E2A1CBB52E900F2582A /* Info.plist */,
			);
			path = BombKitTests;
			sourceTree = "<group>";
		};
		0E279E461CBB538C00F2582A /* BombKit OSX */ = {
			isa = PBXGroup;
			children = (
				0E279E471CBB538C00F2582A /* BombKit OSX.h */,
				0E279E491CBB538C00F2582A /* Info.plist */,
			);
			path = "BombKit OSX";
			sourceTree = "<group>";
		};
		0E279E521CBB538C00F2582A /* BombKit OSXTests */ = {
			isa = PBXGroup;
			children = (
				0E279E551CBB538C00F2582A /* Info.plist */,
			);
			path = "BombKit OSXTests";
			sourceTree = "<group>";
		};
		0E279E621CBB543400F2582A /* BombKit tvOS */ = {
			isa = PBXGroup;
			children = (
				0E279E631CBB543400F2582A /* BombKit tvOS.h */,
				0E279E651CBB543400F2582A /* Info.plist */,
			);
			path = "BombKit tvOS";
			sourceTree = "<group>";
		};
		0E279E6E1CBB543400F2582A /* BombKit tvOSTests */ = {
			isa = PBXGroup;
			children = (
				0E279E711CBB543400F2582A /* Info.plist */,
			);
			path = "BombKit tvOSTests";
			sourceTree = "<group>";
		};
		0E279E781CBB54B800F2582A /* Classes */ = {
			isa = PBXGroup;
			children = (
				0E279E7A1CBB54E500F2582A /* BombRequest.h */,
				0E279E7B1CBB54E500F2582A /* BombRequest.m */,
				0E279E861CBB564200F2582A /* BombRequestBuilder.h */,
				0E279E871CBB564200F2582A /* BombRequestBuilder.m */,
				0E279E8E1CBB5C9700F2582A /* NSError+BombKit.h */,
				0E279E8F1CBB5C9700F2582A /* NSError+BombKit.m */,
			);
			path = Classes;
			sourceTree = "<group>";
		};
		0E279E791CBB54C200F2582A /* Tests */ = {
			isa = PBXGroup;
			children = (
				0E279E821CBB552200F2582A /* BombRequestTests.m */,
			);
			path = Tests;
			sourceTree = SOURCE_ROOT;
		};
/* End PBXGroup section */

/* Begin PBXHeadersBuildPhase section */
		0E279E161CBB52E900F2582A /* Headers */ = {
			isa = PBXHeadersBuildPhase;
			buildActionMask = 2147483647;
			files = (
				0E279E7C1CBB54E500F2582A /* BombRequest.h in Headers */,
				0E279E901CBB5C9700F2582A /* NSError+BombKit.h in Headers */,
				0E279E881CBB564200F2582A /* BombRequestBuilder.h in Headers */,
				0E279E1D1CBB52E900F2582A /* BombKit.h in Headers */,
			);
			runOnlyForDeploymentPostprocessing = 0;
		};
		0E279E421CBB538C00F2582A /* Headers */ = {
			isa = PBXHeadersBuildPhase;
			buildActionMask = 2147483647;
			files = (
				0E279E7D1CBB54E500F2582A /* BombRequest.h in Headers */,
				0E279E911CBB5C9700F2582A /* NSError+BombKit.h in Headers */,
				0E279E891CBB564200F2582A /* BombRequestBuilder.h in Headers */,
				0E279E481CBB538C00F2582A /* BombKit OSX.h in Headers */,
			);
			runOnlyForDeploymentPostprocessing = 0;
		};
		0E279E5E1CBB543400F2582A /* Headers */ = {
			isa = PBXHeadersBuildPhase;
			buildActionMask = 2147483647;
			files = (
				0E279E7E1CBB54E500F2582A /* BombRequest.h in Headers */,
				0E279E921CBB5C9700F2582A /* NSError+BombKit.h in Headers */,
				0E279E8A1CBB564200F2582A /* BombRequestBuilder.h in Headers */,
				0E279E641CBB543400F2582A /* BombKit tvOS.h in Headers */,
			);
			runOnlyForDeploymentPostprocessing = 0;
		};
/* End PBXHeadersBuildPhase section */

/* Begin PBXNativeTarget section */
		0E279E181CBB52E900F2582A /* BombKit */ = {
			isa = PBXNativeTarget;
			buildConfigurationList = 0E279E2D1CBB52E900F2582A /* Build configuration list for PBXNativeTarget "BombKit" */;
			buildPhases = (
				0E279E141CBB52E900F2582A /* Sources */,
				0E279E151CBB52E900F2582A /* Frameworks */,
				0E279E161CBB52E900F2582A /* Headers */,
				0E279E171CBB52E900F2582A /* Resources */,
			);
			buildRules = (
			);
			dependencies = (
			);
			name = BombKit;
			productName = BombKit;
			productReference = 0E279E191CBB52E900F2582A /* BombKit.framework */;
			productType = "com.apple.product-type.framework";
		};
		0E279E221CBB52E900F2582A /* BombKitTests */ = {
			isa = PBXNativeTarget;
			buildConfigurationList = 0E279E301CBB52E900F2582A /* Build configuration list for PBXNativeTarget "BombKitTests" */;
			buildPhases = (
				0E279E1F1CBB52E900F2582A /* Sources */,
				0E279E201CBB52E900F2582A /* Frameworks */,
				0E279E211CBB52E900F2582A /* Resources */,
			);
			buildRules = (
			);
			dependencies = (
				0E279E261CBB52E900F2582A /* PBXTargetDependency */,
			);
			name = BombKitTests;
			productName = BombKitTests;
			productReference = 0E279E231CBB52E900F2582A /* BombKitTests.xctest */;
			productType = "com.apple.product-type.bundle.unit-test";
		};
		0E279E441CBB538C00F2582A /* BombKit OSX */ = {
			isa = PBXNativeTarget;
			buildConfigurationList = 0E279E561CBB538C00F2582A /* Build configuration list for PBXNativeTarget "BombKit OSX" */;
			buildPhases = (
				0E279E401CBB538C00F2582A /* Sources */,
				0E279E411CBB538C00F2582A /* Frameworks */,
				0E279E421CBB538C00F2582A /* Headers */,
				0E279E431CBB538C00F2582A /* Resources */,
			);
			buildRules = (
			);
			dependencies = (
			);
			name = "BombKit OSX";
			productName = "BombKit OSX";
			productReference = 0E279E451CBB538C00F2582A /* BombKit.framework */;
			productType = "com.apple.product-type.framework";
		};
		0E279E4D1CBB538C00F2582A /* BombKit OSXTests */ = {
			isa = PBXNativeTarget;
			buildConfigurationList = 0E279E591CBB538C00F2582A /* Build configuration list for PBXNativeTarget "BombKit OSXTests" */;
			buildPhases = (
				0E279E4A1CBB538C00F2582A /* Sources */,
				0E279E4B1CBB538C00F2582A /* Frameworks */,
				0E279E4C1CBB538C00F2582A /* Resources */,
			);
			buildRules = (
			);
			dependencies = (
				0E279E511CBB538C00F2582A /* PBXTargetDependency */,
			);
			name = "BombKit OSXTests";
			productName = "BombKit OSXTests";
			productReference = 0E279E4E1CBB538C00F2582A /* BombKit OSXTests.xctest */;
			productType = "com.apple.product-type.bundle.unit-test";
		};
		0E279E601CBB543400F2582A /* BombKit tvOS */ = {
			isa = PBXNativeTarget;
			buildConfigurationList = 0E279E721CBB543400F2582A /* Build configuration list for PBXNativeTarget "BombKit tvOS" */;
			buildPhases = (
				0E279E5C1CBB543400F2582A /* Sources */,
				0E279E5D1CBB543400F2582A /* Frameworks */,
				0E279E5E1CBB543400F2582A /* Headers */,
				0E279E5F1CBB543400F2582A /* Resources */,
			);
			buildRules = (
			);
			dependencies = (
			);
			name = "BombKit tvOS";
			productName = "BombKit tvOS";
			productReference = 0E279E611CBB543400F2582A /* BombKit.framework */;
			productType = "com.apple.product-type.framework";
		};
		0E279E691CBB543400F2582A /* BombKit tvOSTests */ = {
			isa = PBXNativeTarget;
			buildConfigurationList = 0E279E751CBB543400F2582A /* Build configuration list for PBXNativeTarget "BombKit tvOSTests" */;
			buildPhases = (
				0E279E661CBB543400F2582A /* Sources */,
				0E279E671CBB543400F2582A /* Frameworks */,
				0E279E681CBB543400F2582A /* Resources */,
			);
			buildRules = (
			);
			dependencies = (
				0E279E6D1CBB543400F2582A /* PBXTargetDependency */,
			);
			name = "BombKit tvOSTests";
			productName = "BombKit tvOSTests";
			productReference = 0E279E6A1CBB543400F2582A /* BombKit tvOSTests.xctest */;
			productType = "com.apple.product-type.bundle.unit-test";
		};
/* End PBXNativeTarget section */

/* Begin PBXProject section */
		0E279E101CBB52E900F2582A /* Project object */ = {
			isa = PBXProject;
			attributes = {
				LastUpgradeCheck = 0730;
				ORGANIZATIONNAME = darkcl;
				TargetAttributes = {
					0E279E181CBB52E900F2582A = {
						CreatedOnToolsVersion = 7.3;
					};
					0E279E221CBB52E900F2582A = {
						CreatedOnToolsVersion = 7.3;
					};
					0E279E441CBB538C00F2582A = {
						CreatedOnToolsVersion = 7.3;
					};
					0E279E4D1CBB538C00F2582A = {
						CreatedOnToolsVersion = 7.3;
					};
					0E279E601CBB543400F2582A = {
						CreatedOnToolsVersion = 7.3;
					};
					0E279E691CBB543400F2582A = {
						CreatedOnToolsVersion = 7.3;
					};
				};
			};
			buildConfigurationList = 0E279E131CBB52E900F2582A /* Build configuration list for PBXProject "BombKit" */;
			compatibilityVersion = "Xcode 3.2";
			developmentRegion = English;
			hasScannedForEncodings = 0;
			knownRegions = (
				en,
			);
			mainGroup = 0E279E0F1CBB52E900F2582A;
			productRefGroup = 0E279E1A1CBB52E900F2582A /* Products */;
			projectDirPath = "";
			projectRoot = "";
			targets = (
				0E279E181CBB52E900F2582A /* BombKit */,
				0E279E221CBB52E900F2582A /* BombKitTests */,
				0E279E441CBB538C00F2582A /* BombKit OSX */,
				0E279E4D1CBB538C00F2582A /* BombKit OSXTests */,
				0E279E601CBB543400F2582A /* BombKit tvOS */,
				0E279E691CBB543400F2582A /* BombKit tvOSTests */,
			);
		};
/* End PBXProject section */

/* Begin PBXResourcesBuildPhase section */
		0E279E171CBB52E900F2582A /* Resources */ = {
			isa = PBXResourcesBuildPhase;
			buildActionMask = 2147483647;
			files = (
			);
			runOnlyForDeploymentPostprocessing = 0;
		};
		0E279E211CBB52E900F2582A /* Resources */ = {
			isa = PBXResourcesBuildPhase;
			buildActionMask = 2147483647;
			files = (
			);
			runOnlyForDeploymentPostprocessing = 0;
		};
		0E279E431CBB538C00F2582A /* Resources */ = {
			isa = PBXResourcesBuildPhase;
			buildActionMask = 2147483647;
			files = (
			);
			runOnlyForDeploymentPostprocessing = 0;
		};
		0E279E4C1CBB538C00F2582A /* Resources */ = {
			isa = PBXResourcesBuildPhase;
			buildActionMask = 2147483647;
			files = (
			);
			runOnlyForDeploymentPostprocessing = 0;
		};
		0E279E5F1CBB543400F2582A /* Resources */ = {
			isa = PBXResourcesBuildPhase;
			buildActionMask = 2147483647;
			files = (
			);
			runOnlyForDeploymentPostprocessing = 0;
		};
		0E279E681CBB543400F2582A /* Resources */ = {
			isa = PBXResourcesBuildPhase;
			buildActionMask = 2147483647;
			files = (
			);
			runOnlyForDeploymentPostprocessing = 0;
		};
/* End PBXResourcesBuildPhase section */

/* Begin PBXSourcesBuildPhase section */
		0E279E141CBB52E900F2582A /* Sources */ = {
			isa = PBXSourcesBuildPhase;
			buildActionMask = 2147483647;
			files = (
				0E279E7F1CBB54E500F2582A /* BombRequest.m in Sources */,
				0E279E8B1CBB564200F2582A /* BombRequestBuilder.m in Sources */,
				0E279E931CBB5C9700F2582A /* NSError+BombKit.m in Sources */,
			);
			runOnlyForDeploymentPostprocessing = 0;
		};
		0E279E1F1CBB52E900F2582A /* Sources */ = {
			isa = PBXSourcesBuildPhase;
			buildActionMask = 2147483647;
			files = (
				0E279E831CBB552200F2582A /* BombRequestTests.m in Sources */,
			);
			runOnlyForDeploymentPostprocessing = 0;
		};
		0E279E401CBB538C00F2582A /* Sources */ = {
			isa = PBXSourcesBuildPhase;
			buildActionMask = 2147483647;
			files = (
				0E279E801CBB54E500F2582A /* BombRequest.m in Sources */,
				0E279E8C1CBB564200F2582A /* BombRequestBuilder.m in Sources */,
				0E279E941CBB5C9700F2582A /* NSError+BombKit.m in Sources */,
			);
			runOnlyForDeploymentPostprocessing = 0;
		};
		0E279E4A1CBB538C00F2582A /* Sources */ = {
			isa = PBXSourcesBuildPhase;
			buildActionMask = 2147483647;
			files = (
				0E279E841CBB552200F2582A /* BombRequestTests.m in Sources */,
			);
			runOnlyForDeploymentPostprocessing = 0;
		};
		0E279E5C1CBB543400F2582A /* Sources */ = {
			isa = PBXSourcesBuildPhase;
			buildActionMask = 2147483647;
			files = (
				0E279E811CBB54E500F2582A /* BombRequest.m in Sources */,
				0E279E8D1CBB564200F2582A /* BombRequestBuilder.m in Sources */,
				0E279E951CBB5C9700F2582A /* NSError+BombKit.m in Sources */,
			);
			runOnlyForDeploymentPostprocessing = 0;
		};
		0E279E661CBB543400F2582A /* Sources */ = {
			isa = PBXSourcesBuildPhase;
			buildActionMask = 2147483647;
			files = (
				0E279E851CBB552200F2582A /* BombRequestTests.m in Sources */,
			);
			runOnlyForDeploymentPostprocessing = 0;
		};
/* End PBXSourcesBuildPhase section */

/* Begin PBXTargetDependency section */
		0E279E261CBB52E900F2582A /* PBXTargetDependency */ = {
			isa = PBXTargetDependency;
			target = 0E279E181CBB52E900F2582A /* BombKit */;
			targetProxy = 0E279E251CBB52E900F2582A /* PBXContainerItemProxy */;
		};
		0E279E511CBB538C00F2582A /* PBXTargetDependency */ = {
			isa = PBXTargetDependency;
			target = 0E279E441CBB538C00F2582A /* BombKit OSX */;
			targetProxy = 0E279E501CBB538C00F2582A /* PBXContainerItemProxy */;
		};
		0E279E6D1CBB543400F2582A /* PBXTargetDependency */ = {
			isa = PBXTargetDependency;
			target = 0E279E601CBB543400F2582A /* BombKit tvOS */;
			targetProxy = 0E279E6C1CBB543400F2582A /* PBXContainerItemProxy */;
		};
/* End PBXTargetDependency section */

/* Begin XCBuildConfiguration section */
		0E279E2B1CBB52E900F2582A /* Debug */ = {
			isa = XCBuildConfiguration;
			buildSettings = {
				ALWAYS_SEARCH_USER_PATHS = NO;
				CLANG_ANALYZER_NONNULL = YES;
				CLANG_CXX_LANGUAGE_STANDARD = "gnu++0x";
				CLANG_CXX_LIBRARY = "libc++";
				CLANG_ENABLE_MODULES = YES;
				CLANG_ENABLE_OBJC_ARC = YES;
				CLANG_WARN_BOOL_CONVERSION = YES;
				CLANG_WARN_CONSTANT_CONVERSION = YES;
				CLANG_WARN_DIRECT_OBJC_ISA_USAGE = YES_ERROR;
				CLANG_WARN_EMPTY_BODY = YES;
				CLANG_WARN_ENUM_CONVERSION = YES;
				CLANG_WARN_INT_CONVERSION = YES;
				CLANG_WARN_OBJC_ROOT_CLASS = YES_ERROR;
				CLANG_WARN_UNREACHABLE_CODE = YES;
				CLANG_WARN__DUPLICATE_METHOD_MATCH = YES;
				"CODE_SIGN_IDENTITY[sdk=iphoneos*]" = "iPhone Developer";
				COPY_PHASE_STRIP = NO;
				CURRENT_PROJECT_VERSION = 1;
				DEBUG_INFORMATION_FORMAT = dwarf;
				ENABLE_STRICT_OBJC_MSGSEND = YES;
				ENABLE_TESTABILITY = YES;
				GCC_C_LANGUAGE_STANDARD = gnu99;
				GCC_DYNAMIC_NO_PIC = NO;
				GCC_NO_COMMON_BLOCKS = YES;
				GCC_OPTIMIZATION_LEVEL = 0;
				GCC_PREPROCESSOR_DEFINITIONS = (
					"DEBUG=1",
					"$(inherited)",
				);
				GCC_WARN_64_TO_32_BIT_CONVERSION = YES;
				GCC_WARN_ABOUT_RETURN_TYPE = YES_ERROR;
				GCC_WARN_UNDECLARED_SELECTOR = YES;
				GCC_WARN_UNINITIALIZED_AUTOS = YES_AGGRESSIVE;
				GCC_WARN_UNUSED_FUNCTION = YES;
				GCC_WARN_UNUSED_VARIABLE = YES;
				IPHONEOS_DEPLOYMENT_TARGET = 9.3;
				MTL_ENABLE_DEBUG_INFO = YES;
				ONLY_ACTIVE_ARCH = YES;
				SDKROOT = iphoneos;
				TARGETED_DEVICE_FAMILY = "1,2";
				VERSIONING_SYSTEM = "apple-generic";
				VERSION_INFO_PREFIX = "";
			};
			name = Debug;
		};
		0E279E2C1CBB52E900F2582A /* Release */ = {
			isa = XCBuildConfiguration;
			buildSettings = {
				ALWAYS_SEARCH_USER_PATHS = NO;
				CLANG_ANALYZER_NONNULL = YES;
				CLANG_CXX_LANGUAGE_STANDARD = "gnu++0x";
				CLANG_CXX_LIBRARY = "libc++";
				CLANG_ENABLE_MODULES = YES;
				CLANG_ENABLE_OBJC_ARC = YES;
				CLANG_WARN_BOOL_CONVERSION = YES;
				CLANG_WARN_CONSTANT_CONVERSION = YES;
				CLANG_WARN_DIRECT_OBJC_ISA_USAGE = YES_ERROR;
				CLANG_WARN_EMPTY_BODY = YES;
				CLANG_WARN_ENUM_CONVERSION = YES;
				CLANG_WARN_INT_CONVERSION = YES;
				CLANG_WARN_OBJC_ROOT_CLASS = YES_ERROR;
				CLANG_WARN_UNREACHABLE_CODE = YES;
				CLANG_WARN__DUPLICATE_METHOD_MATCH = YES;
				"CODE_SIGN_IDENTITY[sdk=iphoneos*]" = "iPhone Developer";
				COPY_PHASE_STRIP = NO;
				CURRENT_PROJECT_VERSION = 1;
				DEBUG_INFORMATION_FORMAT = "dwarf-with-dsym";
				ENABLE_NS_ASSERTIONS = NO;
				ENABLE_STRICT_OBJC_MSGSEND = YES;
				GCC_C_LANGUAGE_STANDARD = gnu99;
				GCC_NO_COMMON_BLOCKS = YES;
				GCC_WARN_64_TO_32_BIT_CONVERSION = YES;
				GCC_WARN_ABOUT_RETURN_TYPE = YES_ERROR;
				GCC_WARN_UNDECLARED_SELECTOR = YES;
				GCC_WARN_UNINITIALIZED_AUTOS = YES_AGGRESSIVE;
				GCC_WARN_UNUSED_FUNCTION = YES;
				GCC_WARN_UNUSED_VARIABLE = YES;
				IPHONEOS_DEPLOYMENT_TARGET = 9.3;
				MTL_ENABLE_DEBUG_INFO = NO;
				SDKROOT = iphoneos;
				TARGETED_DEVICE_FAMILY = "1,2";
				VALIDATE_PRODUCT = YES;
				VERSIONING_SYSTEM = "apple-generic";
				VERSION_INFO_PREFIX = "";
			};
			name = Release;
		};
		0E279E2E1CBB52E900F2582A /* Debug */ = {
			isa = XCBuildConfiguration;
			buildSettings = {
				DEFINES_MODULE = YES;
				DYLIB_COMPATIBILITY_VERSION = 1;
				DYLIB_CURRENT_VERSION = 1;
				DYLIB_INSTALL_NAME_BASE = "@rpath";
				INFOPLIST_FILE = BombKit/Info.plist;
				INSTALL_PATH = "$(LOCAL_LIBRARY_DIR)/Frameworks";
				LD_RUNPATH_SEARCH_PATHS = "$(inherited) @executable_path/Frameworks @loader_path/Frameworks";
				PRODUCT_BUNDLE_IDENTIFIER = com.darkcl.BombKit;
				PRODUCT_NAME = BombKit;
				SKIP_INSTALL = YES;
			};
			name = Debug;
		};
		0E279E2F1CBB52E900F2582A /* Release */ = {
			isa = XCBuildConfiguration;
			buildSettings = {
				DEFINES_MODULE = YES;
				DYLIB_COMPATIBILITY_VERSION = 1;
				DYLIB_CURRENT_VERSION = 1;
				DYLIB_INSTALL_NAME_BASE = "@rpath";
				INFOPLIST_FILE = BombKit/Info.plist;
				INSTALL_PATH = "$(LOCAL_LIBRARY_DIR)/Frameworks";
				LD_RUNPATH_SEARCH_PATHS = "$(inherited) @executable_path/Frameworks @loader_path/Frameworks";
				PRODUCT_BUNDLE_IDENTIFIER = com.darkcl.BombKit;
				PRODUCT_NAME = BombKit;
				SKIP_INSTALL = YES;
			};
			name = Release;
		};
		0E279E311CBB52E900F2582A /* Debug */ = {
			isa = XCBuildConfiguration;
			buildSettings = {
				INFOPLIST_FILE = BombKitTests/Info.plist;
				LD_RUNPATH_SEARCH_PATHS = "$(inherited) @executable_path/Frameworks @loader_path/Frameworks";
				PRODUCT_BUNDLE_IDENTIFIER = com.darkcl.BombKitTests;
				PRODUCT_NAME = "$(TARGET_NAME)";
			};
			name = Debug;
		};
		0E279E321CBB52E900F2582A /* Release */ = {
			isa = XCBuildConfiguration;
			buildSettings = {
				INFOPLIST_FILE = BombKitTests/Info.plist;
				LD_RUNPATH_SEARCH_PATHS = "$(inherited) @executable_path/Frameworks @loader_path/Frameworks";
				PRODUCT_BUNDLE_IDENTIFIER = com.darkcl.BombKitTests;
				PRODUCT_NAME = "$(TARGET_NAME)";
			};
			name = Release;
		};
		0E279E571CBB538C00F2582A /* Debug */ = {
			isa = XCBuildConfiguration;
			buildSettings = {
				CODE_SIGN_IDENTITY = "-";
				COMBINE_HIDPI_IMAGES = YES;
				DEFINES_MODULE = YES;
				DYLIB_COMPATIBILITY_VERSION = 1;
				DYLIB_CURRENT_VERSION = 1;
				DYLIB_INSTALL_NAME_BASE = "@rpath";
				FRAMEWORK_VERSION = A;
				INFOPLIST_FILE = "BombKit OSX/Info.plist";
				INSTALL_PATH = "$(LOCAL_LIBRARY_DIR)/Frameworks";
				LD_RUNPATH_SEARCH_PATHS = "$(inherited) @executable_path/../Frameworks @loader_path/Frameworks";
				MACOSX_DEPLOYMENT_TARGET = 10.11;
				PRODUCT_BUNDLE_IDENTIFIER = com.darkcl.BombKit;
				PRODUCT_NAME = BombKit;
				SDKROOT = macosx;
				SKIP_INSTALL = YES;
			};
			name = Debug;
		};
		0E279E581CBB538C00F2582A /* Release */ = {
			isa = XCBuildConfiguration;
			buildSettings = {
				CODE_SIGN_IDENTITY = "-";
				COMBINE_HIDPI_IMAGES = YES;
				DEFINES_MODULE = YES;
				DYLIB_COMPATIBILITY_VERSION = 1;
				DYLIB_CURRENT_VERSION = 1;
				DYLIB_INSTALL_NAME_BASE = "@rpath";
				FRAMEWORK_VERSION = A;
				INFOPLIST_FILE = "BombKit OSX/Info.plist";
				INSTALL_PATH = "$(LOCAL_LIBRARY_DIR)/Frameworks";
				LD_RUNPATH_SEARCH_PATHS = "$(inherited) @executable_path/../Frameworks @loader_path/Frameworks";
				MACOSX_DEPLOYMENT_TARGET = 10.11;
				PRODUCT_BUNDLE_IDENTIFIER = com.darkcl.BombKit;
				PRODUCT_NAME = BombKit;
				SDKROOT = macosx;
				SKIP_INSTALL = YES;
			};
			name = Release;
		};
		0E279E5A1CBB538C00F2582A /* Debug */ = {
			isa = XCBuildConfiguration;
			buildSettings = {
				CODE_SIGN_IDENTITY = "-";
				COMBINE_HIDPI_IMAGES = YES;
				INFOPLIST_FILE = "BombKit OSXTests/Info.plist";
				LD_RUNPATH_SEARCH_PATHS = "$(inherited) @executable_path/../Frameworks @loader_path/../Frameworks";
				MACOSX_DEPLOYMENT_TARGET = 10.11;
				PRODUCT_BUNDLE_IDENTIFIER = "com.darkcl.BombKit-OSXTests";
				PRODUCT_NAME = "$(TARGET_NAME)";
				SDKROOT = macosx;
			};
			name = Debug;
		};
		0E279E5B1CBB538C00F2582A /* Release */ = {
			isa = XCBuildConfiguration;
			buildSettings = {
				CODE_SIGN_IDENTITY = "-";
				COMBINE_HIDPI_IMAGES = YES;
				INFOPLIST_FILE = "BombKit OSXTests/Info.plist";
				LD_RUNPATH_SEARCH_PATHS = "$(inherited) @executable_path/../Frameworks @loader_path/../Frameworks";
				MACOSX_DEPLOYMENT_TARGET = 10.11;
				PRODUCT_BUNDLE_IDENTIFIER = "com.darkcl.BombKit-OSXTests";
				PRODUCT_NAME = "$(TARGET_NAME)";
				SDKROOT = macosx;
			};
			name = Release;
		};
		0E279E731CBB543400F2582A /* Debug */ = {
			isa = XCBuildConfiguration;
			buildSettings = {
				DEFINES_MODULE = YES;
				DYLIB_COMPATIBILITY_VERSION = 1;
				DYLIB_CURRENT_VERSION = 1;
				DYLIB_INSTALL_NAME_BASE = "@rpath";
				INFOPLIST_FILE = "BombKit tvOS/Info.plist";
				INSTALL_PATH = "$(LOCAL_LIBRARY_DIR)/Frameworks";
				LD_RUNPATH_SEARCH_PATHS = "$(inherited) @executable_path/Frameworks @loader_path/Frameworks";
				PRODUCT_BUNDLE_IDENTIFIER = com.darkcl.BombKit;
				PRODUCT_NAME = BombKit;
				SDKROOT = appletvos;
				SKIP_INSTALL = YES;
				TARGETED_DEVICE_FAMILY = 3;
				TVOS_DEPLOYMENT_TARGET = 9.2;
			};
			name = Debug;
		};
		0E279E741CBB543400F2582A /* Release */ = {
			isa = XCBuildConfiguration;
			buildSettings = {
				DEFINES_MODULE = YES;
				DYLIB_COMPATIBILITY_VERSION = 1;
				DYLIB_CURRENT_VERSION = 1;
				DYLIB_INSTALL_NAME_BASE = "@rpath";
				INFOPLIST_FILE = "BombKit tvOS/Info.plist";
				INSTALL_PATH = "$(LOCAL_LIBRARY_DIR)/Frameworks";
				LD_RUNPATH_SEARCH_PATHS = "$(inherited) @executable_path/Frameworks @loader_path/Frameworks";
				PRODUCT_BUNDLE_IDENTIFIER = com.darkcl.BombKit;
				PRODUCT_NAME = BombKit;
				SDKROOT = appletvos;
				SKIP_INSTALL = YES;
				TARGETED_DEVICE_FAMILY = 3;
				TVOS_DEPLOYMENT_TARGET = 9.2;
			};
			name = Release;
		};
		0E279E761CBB543400F2582A /* Debug */ = {
			isa = XCBuildConfiguration;
			buildSettings = {
				INFOPLIST_FILE = "BombKit tvOSTests/Info.plist";
				LD_RUNPATH_SEARCH_PATHS = "$(inherited) @executable_path/Frameworks @loader_path/Frameworks";
				PRODUCT_BUNDLE_IDENTIFIER = "com.darkcl.BombKit-tvOSTests";
				PRODUCT_NAME = "$(TARGET_NAME)";
				SDKROOT = appletvos;
				TVOS_DEPLOYMENT_TARGET = 9.2;
			};
			name = Debug;
		};
		0E279E771CBB543400F2582A /* Release */ = {
			isa = XCBuildConfiguration;
			buildSettings = {
				INFOPLIST_FILE = "BombKit tvOSTests/Info.plist";
				LD_RUNPATH_SEARCH_PATHS = "$(inherited) @executable_path/Frameworks @loader_path/Frameworks";
				PRODUCT_BUNDLE_IDENTIFIER = "com.darkcl.BombKit-tvOSTests";
				PRODUCT_NAME = "$(TARGET_NAME)";
				SDKROOT = appletvos;
				TVOS_DEPLOYMENT_TARGET = 9.2;
			};
			name = Release;
		};
/* End XCBuildConfiguration section */

/* Begin XCConfigurationList section */
		0E279E131CBB52E900F2582A /* Build configuration list for PBXProject "BombKit" */ = {
			isa = XCConfigurationList;
			buildConfigurations = (
				0E279E2B1CBB52E900F2582A /* Debug */,
				0E279E2C1CBB52E900F2582A /* Release */,
			);
			defaultConfigurationIsVisible = 0;
			defaultConfigurationName = Release;
		};
		0E279E2D1CBB52E900F2582A /* Build configuration list for PBXNativeTarget "BombKit" */ = {
			isa = XCConfigurationList;
			buildConfigurations = (
				0E279E2E1CBB52E900F2582A /* Debug */,
				0E279E2F1CBB52E900F2582A /* Release */,
			);
			defaultConfigurationIsVisible = 0;
		};
		0E279E301CBB52E900F2582A /* Build configuration list for PBXNativeTarget "BombKitTests" */ = {
			isa = XCConfigurationList;
			buildConfigurations = (
				0E279E311CBB52E900F2582A /* Debug */,
				0E279E321CBB52E900F2582A /* Release */,
			);
			defaultConfigurationIsVisible = 0;
		};
		0E279E561CBB538C00F2582A /* Build configuration list for PBXNativeTarget "BombKit OSX" */ = {
			isa = XCConfigurationList;
			buildConfigurations = (
				0E279E571CBB538C00F2582A /* Debug */,
				0E279E581CBB538C00F2582A /* Release */,
			);
			defaultConfigurationIsVisible = 0;
		};
		0E279E591CBB538C00F2582A /* Build configuration list for PBXNativeTarget "BombKit OSXTests" */ = {
			isa = XCConfigurationList;
			buildConfigurations = (
				0E279E5A1CBB538C00F2582A /* Debug */,
				0E279E5B1CBB538C00F2582A /* Release */,
			);
			defaultConfigurationIsVisible = 0;
		};
		0E279E721CBB543400F2582A /* Build configuration list for PBXNativeTarget "BombKit tvOS" */ = {
			isa = XCConfigurationList;
			buildConfigurations = (
				0E279E731CBB543400F2582A /* Debug */,
				0E279E741CBB543400F2582A /* Release */,
			);
			defaultConfigurationIsVisible = 0;
		};
		0E279E751CBB543400F2582A /* Build configuration list for PBXNativeTarget "BombKit tvOSTests" */ = {
			isa = XCConfigurationList;
			buildConfigurations = (
				0E279E761CBB543400F2582A /* Debug */,
				0E279E771CBB543400F2582A /* Release */,
			);
			defaultConfigurationIsVisible = 0;
		};
/* End XCConfigurationList section */
	};
	rootObject = 0E279E101CBB52E900F2582A /* Project object */;
}
