// !$*UTF8*$!
{
	archiveVersion = 1;
	classes = {
	};
	objectVersion = 46;
	objects = {

/* Begin PBXBuildFile section */
		0E279E1D1CBB52E900F2582A /* BombKit.h in Headers */ = {isa = PBXBuildFile; fileRef = 0E279E1C1CBB52E900F2582A /* BombKit.h */; settings = {ATTRIBUTES = (Public, ); }; };
		0E279E241CBB52E900F2582A /* BombKit.framework in Frameworks */ = {isa = PBXBuildFile; fileRef = 0E279E191CBB52E900F2582A /* BombKit.framework */; };
		0E279E4F1CBB538C00F2582A /* BombKit.framework in Frameworks */ = {isa = PBXBuildFile; fileRef = 0E279E451CBB538C00F2582A /* BombKit.framework */; };
		0E279E6B1CBB543400F2582A /* BombKit.framework in Frameworks */ = {isa = PBXBuildFile; fileRef = 0E279E611CBB543400F2582A /* BombKit.framework */; };
		0E279E7C1CBB54E500F2582A /* BombRequest.h in Headers */ = {isa = PBXBuildFile; fileRef = 0E279E7A1CBB54E500F2582A /* BombRequest.h */; settings = {ATTRIBUTES = (Public, ); }; };
		0E279E7D1CBB54E500F2582A /* BombRequest.h in Headers */ = {isa = PBXBuildFile; fileRef = 0E279E7A1CBB54E500F2582A /* BombRequest.h */; settings = {ATTRIBUTES = (Public, ); }; };
		0E279E7E1CBB54E500F2582A /* BombRequest.h in Headers */ = {isa = PBXBuildFile; fileRef = 0E279E7A1CBB54E500F2582A /* BombRequest.h */; settings = {ATTRIBUTES = (Public, ); }; };
		0E279E7F1CBB54E500F2582A /* BombRequest.m in Sources */ = {isa = PBXBuildFile; fileRef = 0E279E7B1CBB54E500F2582A /* BombRequest.m */; };
		0E279E801CBB54E500F2582A /* BombRequest.m in Sources */ = {isa = PBXBuildFile; fileRef = 0E279E7B1CBB54E500F2582A /* BombRequest.m */; };
		0E279E811CBB54E500F2582A /* BombRequest.m in Sources */ = {isa = PBXBuildFile; fileRef = 0E279E7B1CBB54E500F2582A /* BombRequest.m */; };
		0E279E831CBB552200F2582A /* BombRequestTests.m in Sources */ = {isa = PBXBuildFile; fileRef = 0E279E821CBB552200F2582A /* BombRequestTests.m */; };
		0E279E841CBB552200F2582A /* BombRequestTests.m in Sources */ = {isa = PBXBuildFile; fileRef = 0E279E821CBB552200F2582A /* BombRequestTests.m */; };
		0E279E851CBB552200F2582A /* BombRequestTests.m in Sources */ = {isa = PBXBuildFile; fileRef = 0E279E821CBB552200F2582A /* BombRequestTests.m */; };
		0E279E881CBB564200F2582A /* BombRequestBuilder.h in Headers */ = {isa = PBXBuildFile; fileRef = 0E279E861CBB564200F2582A /* BombRequestBuilder.h */; settings = {ATTRIBUTES = (Public, ); }; };
		0E279E891CBB564200F2582A /* BombRequestBuilder.h in Headers */ = {isa = PBXBuildFile; fileRef = 0E279E861CBB564200F2582A /* BombRequestBuilder.h */; settings = {ATTRIBUTES = (Public, ); }; };
		0E279E8A1CBB564200F2582A /* BombRequestBuilder.h in Headers */ = {isa = PBXBuildFile; fileRef = 0E279E861CBB564200F2582A /* BombRequestBuilder.h */; settings = {ATTRIBUTES = (Public, ); }; };
		0E279E8B1CBB564200F2582A /* BombRequestBuilder.m in Sources */ = {isa = PBXBuildFile; fileRef = 0E279E871CBB564200F2582A /* BombRequestBuilder.m */; };
		0E279E8C1CBB564200F2582A /* BombRequestBuilder.m in Sources */ = {isa = PBXBuildFile; fileRef = 0E279E871CBB564200F2582A /* BombRequestBuilder.m */; };
		0E279E8D1CBB564200F2582A /* BombRequestBuilder.m in Sources */ = {isa = PBXBuildFile; fileRef = 0E279E871CBB564200F2582A /* BombRequestBuilder.m */; };
		0E279E901CBB5C9700F2582A /* NSError+BombKit.h in Headers */ = {isa = PBXBuildFile; fileRef = 0E279E8E1CBB5C9700F2582A /* NSError+BombKit.h */; };
		0E279E911CBB5C9700F2582A /* NSError+BombKit.h in Headers */ = {isa = PBXBuildFile; fileRef = 0E279E8E1CBB5C9700F2582A /* NSError+BombKit.h */; };
		0E279E921CBB5C9700F2582A /* NSError+BombKit.h in Headers */ = {isa = PBXBuildFile; fileRef = 0E279E8E1CBB5C9700F2582A /* NSError+BombKit.h */; };
		0E279E931CBB5C9700F2582A /* NSError+BombKit.m in Sources */ = {isa = PBXBuildFile; fileRef = 0E279E8F1CBB5C9700F2582A /* NSError+BombKit.m */; };
		0E279E941CBB5C9700F2582A /* NSError+BombKit.m in Sources */ = {isa = PBXBuildFile; fileRef = 0E279E8F1CBB5C9700F2582A /* NSError+BombKit.m */; };
		0E279E951CBB5C9700F2582A /* NSError+BombKit.m in Sources */ = {isa = PBXBuildFile; fileRef = 0E279E8F1CBB5C9700F2582A /* NSError+BombKit.m */; };
		0E9788231CC9D7C600C5CD0F /* BombBaseModel+Private.h in Headers */ = {isa = PBXBuildFile; fileRef = 0E9788211CC9D7C600C5CD0F /* BombBaseModel+Private.h */; };
		0E9788241CC9D7C600C5CD0F /* BombBaseModel+Private.h in Headers */ = {isa = PBXBuildFile; fileRef = 0E9788211CC9D7C600C5CD0F /* BombBaseModel+Private.h */; };
		0E9788251CC9D7C600C5CD0F /* BombBaseModel+Private.h in Headers */ = {isa = PBXBuildFile; fileRef = 0E9788211CC9D7C600C5CD0F /* BombBaseModel+Private.h */; };
		0E9788261CC9D7C600C5CD0F /* BombBaseModel+Private.m in Sources */ = {isa = PBXBuildFile; fileRef = 0E9788221CC9D7C600C5CD0F /* BombBaseModel+Private.m */; };
		0E9788271CC9D7C600C5CD0F /* BombBaseModel+Private.m in Sources */ = {isa = PBXBuildFile; fileRef = 0E9788221CC9D7C600C5CD0F /* BombBaseModel+Private.m */; };
		0E9788281CC9D7C600C5CD0F /* BombBaseModel+Private.m in Sources */ = {isa = PBXBuildFile; fileRef = 0E9788221CC9D7C600C5CD0F /* BombBaseModel+Private.m */; };
		0E97882B1CC9DB6200C5CD0F /* BombKitImageModel.h in Headers */ = {isa = PBXBuildFile; fileRef = 0E9788291CC9DB6200C5CD0F /* BombKitImageModel.h */; settings = {ATTRIBUTES = (Public, ); }; };
		0E97882C1CC9DB6200C5CD0F /* BombKitImageModel.h in Headers */ = {isa = PBXBuildFile; fileRef = 0E9788291CC9DB6200C5CD0F /* BombKitImageModel.h */; settings = {ATTRIBUTES = (Public, ); }; };
		0E97882D1CC9DB6200C5CD0F /* BombKitImageModel.h in Headers */ = {isa = PBXBuildFile; fileRef = 0E9788291CC9DB6200C5CD0F /* BombKitImageModel.h */; settings = {ATTRIBUTES = (Public, ); }; };
		0E97882E1CC9DB6200C5CD0F /* BombKitImageModel.m in Sources */ = {isa = PBXBuildFile; fileRef = 0E97882A1CC9DB6200C5CD0F /* BombKitImageModel.m */; };
		0E97882F1CC9DB6200C5CD0F /* BombKitImageModel.m in Sources */ = {isa = PBXBuildFile; fileRef = 0E97882A1CC9DB6200C5CD0F /* BombKitImageModel.m */; };
		0E9788301CC9DB6200C5CD0F /* BombKitImageModel.m in Sources */ = {isa = PBXBuildFile; fileRef = 0E97882A1CC9DB6200C5CD0F /* BombKitImageModel.m */; };
		0EE770751CBF7DB7007314D9 /* BombBaseModel.h in Headers */ = {isa = PBXBuildFile; fileRef = 0EE770731CBF7DB7007314D9 /* BombBaseModel.h */; settings = {ATTRIBUTES = (Public, ); }; };
		0EE770761CBF7DB7007314D9 /* BombBaseModel.h in Headers */ = {isa = PBXBuildFile; fileRef = 0EE770731CBF7DB7007314D9 /* BombBaseModel.h */; settings = {ATTRIBUTES = (Public, ); }; };
		0EE770771CBF7DB7007314D9 /* BombBaseModel.h in Headers */ = {isa = PBXBuildFile; fileRef = 0EE770731CBF7DB7007314D9 /* BombBaseModel.h */; settings = {ATTRIBUTES = (Public, ); }; };
		0EE770781CBF7DB7007314D9 /* BombBaseModel.m in Sources */ = {isa = PBXBuildFile; fileRef = 0EE770741CBF7DB7007314D9 /* BombBaseModel.m */; };
		0EE770791CBF7DB7007314D9 /* BombBaseModel.m in Sources */ = {isa = PBXBuildFile; fileRef = 0EE770741CBF7DB7007314D9 /* BombBaseModel.m */; };
		0EE7707A1CBF7DB7007314D9 /* BombBaseModel.m in Sources */ = {isa = PBXBuildFile; fileRef = 0EE770741CBF7DB7007314D9 /* BombBaseModel.m */; };
		0EE7707C1CBF8226007314D9 /* BombKitModel.h in Headers */ = {isa = PBXBuildFile; fileRef = 0EE7707B1CBF8226007314D9 /* BombKitModel.h */; settings = {ATTRIBUTES = (Public, ); }; };
		0EE7707D1CBF8226007314D9 /* BombKitModel.h in Headers */ = {isa = PBXBuildFile; fileRef = 0EE7707B1CBF8226007314D9 /* BombKitModel.h */; settings = {ATTRIBUTES = (Public, ); }; };
		0EE7707E1CBF8226007314D9 /* BombKitModel.h in Headers */ = {isa = PBXBuildFile; fileRef = 0EE7707B1CBF8226007314D9 /* BombKitModel.h */; settings = {ATTRIBUTES = (Public, ); }; };
		0EE770811CBF8BD2007314D9 /* BombKitAccessoryModel.h in Headers */ = {isa = PBXBuildFile; fileRef = 0EE7707F1CBF8BD2007314D9 /* BombKitAccessoryModel.h */; settings = {ATTRIBUTES = (Public, ); }; };
		0EE770821CBF8BD2007314D9 /* BombKitAccessoryModel.h in Headers */ = {isa = PBXBuildFile; fileRef = 0EE7707F1CBF8BD2007314D9 /* BombKitAccessoryModel.h */; settings = {ATTRIBUTES = (Public, ); }; };
		0EE770831CBF8BD2007314D9 /* BombKitAccessoryModel.h in Headers */ = {isa = PBXBuildFile; fileRef = 0EE7707F1CBF8BD2007314D9 /* BombKitAccessoryModel.h */; settings = {ATTRIBUTES = (Public, ); }; };
		0EE770841CBF8BD2007314D9 /* BombKitAccessoryModel.m in Sources */ = {isa = PBXBuildFile; fileRef = 0EE770801CBF8BD2007314D9 /* BombKitAccessoryModel.m */; };
		0EE770851CBF8BD2007314D9 /* BombKitAccessoryModel.m in Sources */ = {isa = PBXBuildFile; fileRef = 0EE770801CBF8BD2007314D9 /* BombKitAccessoryModel.m */; };
		0EE770861CBF8BD2007314D9 /* BombKitAccessoryModel.m in Sources */ = {isa = PBXBuildFile; fileRef = 0EE770801CBF8BD2007314D9 /* BombKitAccessoryModel.m */; };
		0EE770891CBF8BDD007314D9 /* BombKitCharacterModel.h in Headers */ = {isa = PBXBuildFile; fileRef = 0EE770871CBF8BDD007314D9 /* BombKitCharacterModel.h */; settings = {ATTRIBUTES = (Public, ); }; };
		0EE7708A1CBF8BDD007314D9 /* BombKitCharacterModel.h in Headers */ = {isa = PBXBuildFile; fileRef = 0EE770871CBF8BDD007314D9 /* BombKitCharacterModel.h */; settings = {ATTRIBUTES = (Public, ); }; };
		0EE7708B1CBF8BDD007314D9 /* BombKitCharacterModel.h in Headers */ = {isa = PBXBuildFile; fileRef = 0EE770871CBF8BDD007314D9 /* BombKitCharacterModel.h */; settings = {ATTRIBUTES = (Public, ); }; };
		0EE7708C1CBF8BDD007314D9 /* BombKitCharacterModel.m in Sources */ = {isa = PBXBuildFile; fileRef = 0EE770881CBF8BDD007314D9 /* BombKitCharacterModel.m */; };
		0EE7708D1CBF8BDD007314D9 /* BombKitCharacterModel.m in Sources */ = {isa = PBXBuildFile; fileRef = 0EE770881CBF8BDD007314D9 /* BombKitCharacterModel.m */; };
		0EE7708E1CBF8BDD007314D9 /* BombKitCharacterModel.m in Sources */ = {isa = PBXBuildFile; fileRef = 0EE770881CBF8BDD007314D9 /* BombKitCharacterModel.m */; };
		0EE770911CBF8BE8007314D9 /* BombKitChatModel.h in Headers */ = {isa = PBXBuildFile; fileRef = 0EE7708F1CBF8BE8007314D9 /* BombKitChatModel.h */; settings = {ATTRIBUTES = (Public, ); }; };
		0EE770921CBF8BE8007314D9 /* BombKitChatModel.h in Headers */ = {isa = PBXBuildFile; fileRef = 0EE7708F1CBF8BE8007314D9 /* BombKitChatModel.h */; settings = {ATTRIBUTES = (Public, ); }; };
		0EE770931CBF8BE8007314D9 /* BombKitChatModel.h in Headers */ = {isa = PBXBuildFile; fileRef = 0EE7708F1CBF8BE8007314D9 /* BombKitChatModel.h */; settings = {ATTRIBUTES = (Public, ); }; };
		0EE770941CBF8BE8007314D9 /* BombKitChatModel.m in Sources */ = {isa = PBXBuildFile; fileRef = 0EE770901CBF8BE8007314D9 /* BombKitChatModel.m */; };
		0EE770951CBF8BE8007314D9 /* BombKitChatModel.m in Sources */ = {isa = PBXBuildFile; fileRef = 0EE770901CBF8BE8007314D9 /* BombKitChatModel.m */; };
		0EE770961CBF8BE8007314D9 /* BombKitChatModel.m in Sources */ = {isa = PBXBuildFile; fileRef = 0EE770901CBF8BE8007314D9 /* BombKitChatModel.m */; };
		0EE770991CBF8BF4007314D9 /* BombKitCompanyModel.h in Headers */ = {isa = PBXBuildFile; fileRef = 0EE770971CBF8BF4007314D9 /* BombKitCompanyModel.h */; settings = {ATTRIBUTES = (Public, ); }; };
		0EE7709A1CBF8BF4007314D9 /* BombKitCompanyModel.h in Headers */ = {isa = PBXBuildFile; fileRef = 0EE770971CBF8BF4007314D9 /* BombKitCompanyModel.h */; settings = {ATTRIBUTES = (Public, ); }; };
		0EE7709B1CBF8BF4007314D9 /* BombKitCompanyModel.h in Headers */ = {isa = PBXBuildFile; fileRef = 0EE770971CBF8BF4007314D9 /* BombKitCompanyModel.h */; settings = {ATTRIBUTES = (Public, ); }; };
		0EE7709C1CBF8BF4007314D9 /* BombKitCompanyModel.m in Sources */ = {isa = PBXBuildFile; fileRef = 0EE770981CBF8BF4007314D9 /* BombKitCompanyModel.m */; };
		0EE7709D1CBF8BF4007314D9 /* BombKitCompanyModel.m in Sources */ = {isa = PBXBuildFile; fileRef = 0EE770981CBF8BF4007314D9 /* BombKitCompanyModel.m */; };
		0EE7709E1CBF8BF4007314D9 /* BombKitCompanyModel.m in Sources */ = {isa = PBXBuildFile; fileRef = 0EE770981CBF8BF4007314D9 /* BombKitCompanyModel.m */; };
		0EE770A11CBF8BFF007314D9 /* BombKitConceptModel.h in Headers */ = {isa = PBXBuildFile; fileRef = 0EE7709F1CBF8BFF007314D9 /* BombKitConceptModel.h */; settings = {ATTRIBUTES = (Public, ); }; };
		0EE770A21CBF8BFF007314D9 /* BombKitConceptModel.h in Headers */ = {isa = PBXBuildFile; fileRef = 0EE7709F1CBF8BFF007314D9 /* BombKitConceptModel.h */; settings = {ATTRIBUTES = (Public, ); }; };
		0EE770A31CBF8BFF007314D9 /* BombKitConceptModel.h in Headers */ = {isa = PBXBuildFile; fileRef = 0EE7709F1CBF8BFF007314D9 /* BombKitConceptModel.h */; settings = {ATTRIBUTES = (Public, ); }; };
		0EE770A41CBF8BFF007314D9 /* BombKitConceptModel.m in Sources */ = {isa = PBXBuildFile; fileRef = 0EE770A01CBF8BFF007314D9 /* BombKitConceptModel.m */; };
		0EE770A51CBF8BFF007314D9 /* BombKitConceptModel.m in Sources */ = {isa = PBXBuildFile; fileRef = 0EE770A01CBF8BFF007314D9 /* BombKitConceptModel.m */; };
		0EE770A61CBF8BFF007314D9 /* BombKitConceptModel.m in Sources */ = {isa = PBXBuildFile; fileRef = 0EE770A01CBF8BFF007314D9 /* BombKitConceptModel.m */; };
		0EE770A91CBF8C09007314D9 /* BombKitFranchiseModel.h in Headers */ = {isa = PBXBuildFile; fileRef = 0EE770A71CBF8C09007314D9 /* BombKitFranchiseModel.h */; settings = {ATTRIBUTES = (Public, ); }; };
		0EE770AA1CBF8C09007314D9 /* BombKitFranchiseModel.h in Headers */ = {isa = PBXBuildFile; fileRef = 0EE770A71CBF8C09007314D9 /* BombKitFranchiseModel.h */; settings = {ATTRIBUTES = (Public, ); }; };
		0EE770AB1CBF8C09007314D9 /* BombKitFranchiseModel.h in Headers */ = {isa = PBXBuildFile; fileRef = 0EE770A71CBF8C09007314D9 /* BombKitFranchiseModel.h */; settings = {ATTRIBUTES = (Public, ); }; };
		0EE770AC1CBF8C09007314D9 /* BombKitFranchiseModel.m in Sources */ = {isa = PBXBuildFile; fileRef = 0EE770A81CBF8C09007314D9 /* BombKitFranchiseModel.m */; };
		0EE770AD1CBF8C09007314D9 /* BombKitFranchiseModel.m in Sources */ = {isa = PBXBuildFile; fileRef = 0EE770A81CBF8C09007314D9 /* BombKitFranchiseModel.m */; };
		0EE770AE1CBF8C09007314D9 /* BombKitFranchiseModel.m in Sources */ = {isa = PBXBuildFile; fileRef = 0EE770A81CBF8C09007314D9 /* BombKitFranchiseModel.m */; };
		0EE770B11CBF8C13007314D9 /* BombKitGameModel.h in Headers */ = {isa = PBXBuildFile; fileRef = 0EE770AF1CBF8C13007314D9 /* BombKitGameModel.h */; settings = {ATTRIBUTES = (Public, ); }; };
		0EE770B21CBF8C13007314D9 /* BombKitGameModel.h in Headers */ = {isa = PBXBuildFile; fileRef = 0EE770AF1CBF8C13007314D9 /* BombKitGameModel.h */; settings = {ATTRIBUTES = (Public, ); }; };
		0EE770B31CBF8C13007314D9 /* BombKitGameModel.h in Headers */ = {isa = PBXBuildFile; fileRef = 0EE770AF1CBF8C13007314D9 /* BombKitGameModel.h */; settings = {ATTRIBUTES = (Public, ); }; };
		0EE770B41CBF8C13007314D9 /* BombKitGameModel.m in Sources */ = {isa = PBXBuildFile; fileRef = 0EE770B01CBF8C13007314D9 /* BombKitGameModel.m */; };
		0EE770B51CBF8C13007314D9 /* BombKitGameModel.m in Sources */ = {isa = PBXBuildFile; fileRef = 0EE770B01CBF8C13007314D9 /* BombKitGameModel.m */; };
		0EE770B61CBF8C13007314D9 /* BombKitGameModel.m in Sources */ = {isa = PBXBuildFile; fileRef = 0EE770B01CBF8C13007314D9 /* BombKitGameModel.m */; };
		0EE770B91CBF8C29007314D9 /* BombKitGameRatingModel.h in Headers */ = {isa = PBXBuildFile; fileRef = 0EE770B71CBF8C29007314D9 /* BombKitGameRatingModel.h */; settings = {ATTRIBUTES = (Public, ); }; };
		0EE770BA1CBF8C29007314D9 /* BombKitGameRatingModel.h in Headers */ = {isa = PBXBuildFile; fileRef = 0EE770B71CBF8C29007314D9 /* BombKitGameRatingModel.h */; settings = {ATTRIBUTES = (Public, ); }; };
		0EE770BB1CBF8C29007314D9 /* BombKitGameRatingModel.h in Headers */ = {isa = PBXBuildFile; fileRef = 0EE770B71CBF8C29007314D9 /* BombKitGameRatingModel.h */; settings = {ATTRIBUTES = (Public, ); }; };
		0EE770BC1CBF8C29007314D9 /* BombKitGameRatingModel.m in Sources */ = {isa = PBXBuildFile; fileRef = 0EE770B81CBF8C29007314D9 /* BombKitGameRatingModel.m */; };
		0EE770BD1CBF8C29007314D9 /* BombKitGameRatingModel.m in Sources */ = {isa = PBXBuildFile; fileRef = 0EE770B81CBF8C29007314D9 /* BombKitGameRatingModel.m */; };
		0EE770BE1CBF8C29007314D9 /* BombKitGameRatingModel.m in Sources */ = {isa = PBXBuildFile; fileRef = 0EE770B81CBF8C29007314D9 /* BombKitGameRatingModel.m */; };
		0EE770C11CBF8C54007314D9 /* BombKitGenreModel.h in Headers */ = {isa = PBXBuildFile; fileRef = 0EE770BF1CBF8C54007314D9 /* BombKitGenreModel.h */; settings = {ATTRIBUTES = (Public, ); }; };
		0EE770C21CBF8C54007314D9 /* BombKitGenreModel.h in Headers */ = {isa = PBXBuildFile; fileRef = 0EE770BF1CBF8C54007314D9 /* BombKitGenreModel.h */; settings = {ATTRIBUTES = (Public, ); }; };
		0EE770C31CBF8C54007314D9 /* BombKitGenreModel.h in Headers */ = {isa = PBXBuildFile; fileRef = 0EE770BF1CBF8C54007314D9 /* BombKitGenreModel.h */; settings = {ATTRIBUTES = (Public, ); }; };
		0EE770C41CBF8C54007314D9 /* BombKitGenreModel.m in Sources */ = {isa = PBXBuildFile; fileRef = 0EE770C01CBF8C54007314D9 /* BombKitGenreModel.m */; };
		0EE770C51CBF8C54007314D9 /* BombKitGenreModel.m in Sources */ = {isa = PBXBuildFile; fileRef = 0EE770C01CBF8C54007314D9 /* BombKitGenreModel.m */; };
		0EE770C61CBF8C54007314D9 /* BombKitGenreModel.m in Sources */ = {isa = PBXBuildFile; fileRef = 0EE770C01CBF8C54007314D9 /* BombKitGenreModel.m */; };
		0EE770C91CBF8C5F007314D9 /* BombKitLocationModel.h in Headers */ = {isa = PBXBuildFile; fileRef = 0EE770C71CBF8C5F007314D9 /* BombKitLocationModel.h */; settings = {ATTRIBUTES = (Public, ); }; };
		0EE770CA1CBF8C5F007314D9 /* BombKitLocationModel.h in Headers */ = {isa = PBXBuildFile; fileRef = 0EE770C71CBF8C5F007314D9 /* BombKitLocationModel.h */; settings = {ATTRIBUTES = (Public, ); }; };
		0EE770CB1CBF8C5F007314D9 /* BombKitLocationModel.h in Headers */ = {isa = PBXBuildFile; fileRef = 0EE770C71CBF8C5F007314D9 /* BombKitLocationModel.h */; settings = {ATTRIBUTES = (Public, ); }; };
		0EE770CC1CBF8C5F007314D9 /* BombKitLocationModel.m in Sources */ = {isa = PBXBuildFile; fileRef = 0EE770C81CBF8C5F007314D9 /* BombKitLocationModel.m */; };
		0EE770CD1CBF8C5F007314D9 /* BombKitLocationModel.m in Sources */ = {isa = PBXBuildFile; fileRef = 0EE770C81CBF8C5F007314D9 /* BombKitLocationModel.m */; };
		0EE770CE1CBF8C5F007314D9 /* BombKitLocationModel.m in Sources */ = {isa = PBXBuildFile; fileRef = 0EE770C81CBF8C5F007314D9 /* BombKitLocationModel.m */; };
		0EE770D11CBF8C68007314D9 /* BombKitObjectModel.h in Headers */ = {isa = PBXBuildFile; fileRef = 0EE770CF1CBF8C68007314D9 /* BombKitObjectModel.h */; settings = {ATTRIBUTES = (Public, ); }; };
		0EE770D21CBF8C68007314D9 /* BombKitObjectModel.h in Headers */ = {isa = PBXBuildFile; fileRef = 0EE770CF1CBF8C68007314D9 /* BombKitObjectModel.h */; settings = {ATTRIBUTES = (Public, ); }; };
		0EE770D31CBF8C68007314D9 /* BombKitObjectModel.h in Headers */ = {isa = PBXBuildFile; fileRef = 0EE770CF1CBF8C68007314D9 /* BombKitObjectModel.h */; settings = {ATTRIBUTES = (Public, ); }; };
		0EE770D41CBF8C68007314D9 /* BombKitObjectModel.m in Sources */ = {isa = PBXBuildFile; fileRef = 0EE770D01CBF8C68007314D9 /* BombKitObjectModel.m */; };
		0EE770D51CBF8C68007314D9 /* BombKitObjectModel.m in Sources */ = {isa = PBXBuildFile; fileRef = 0EE770D01CBF8C68007314D9 /* BombKitObjectModel.m */; };
		0EE770D61CBF8C68007314D9 /* BombKitObjectModel.m in Sources */ = {isa = PBXBuildFile; fileRef = 0EE770D01CBF8C68007314D9 /* BombKitObjectModel.m */; };
		0EE770D91CBF8C74007314D9 /* BombKitPersonModel.h in Headers */ = {isa = PBXBuildFile; fileRef = 0EE770D71CBF8C74007314D9 /* BombKitPersonModel.h */; settings = {ATTRIBUTES = (Public, ); }; };
		0EE770DA1CBF8C74007314D9 /* BombKitPersonModel.h in Headers */ = {isa = PBXBuildFile; fileRef = 0EE770D71CBF8C74007314D9 /* BombKitPersonModel.h */; settings = {ATTRIBUTES = (Public, ); }; };
		0EE770DB1CBF8C74007314D9 /* BombKitPersonModel.h in Headers */ = {isa = PBXBuildFile; fileRef = 0EE770D71CBF8C74007314D9 /* BombKitPersonModel.h */; settings = {ATTRIBUTES = (Public, ); }; };
		0EE770DC1CBF8C74007314D9 /* BombKitPersonModel.m in Sources */ = {isa = PBXBuildFile; fileRef = 0EE770D81CBF8C74007314D9 /* BombKitPersonModel.m */; };
		0EE770DD1CBF8C74007314D9 /* BombKitPersonModel.m in Sources */ = {isa = PBXBuildFile; fileRef = 0EE770D81CBF8C74007314D9 /* BombKitPersonModel.m */; };
		0EE770DE1CBF8C74007314D9 /* BombKitPersonModel.m in Sources */ = {isa = PBXBuildFile; fileRef = 0EE770D81CBF8C74007314D9 /* BombKitPersonModel.m */; };
		0EE770E11CBF8C81007314D9 /* BombKitPlatformModel.h in Headers */ = {isa = PBXBuildFile; fileRef = 0EE770DF1CBF8C81007314D9 /* BombKitPlatformModel.h */; settings = {ATTRIBUTES = (Public, ); }; };
		0EE770E21CBF8C81007314D9 /* BombKitPlatformModel.h in Headers */ = {isa = PBXBuildFile; fileRef = 0EE770DF1CBF8C81007314D9 /* BombKitPlatformModel.h */; settings = {ATTRIBUTES = (Public, ); }; };
		0EE770E31CBF8C81007314D9 /* BombKitPlatformModel.h in Headers */ = {isa = PBXBuildFile; fileRef = 0EE770DF1CBF8C81007314D9 /* BombKitPlatformModel.h */; settings = {ATTRIBUTES = (Public, ); }; };
		0EE770E41CBF8C81007314D9 /* BombKitPlatformModel.m in Sources */ = {isa = PBXBuildFile; fileRef = 0EE770E01CBF8C81007314D9 /* BombKitPlatformModel.m */; };
		0EE770E51CBF8C81007314D9 /* BombKitPlatformModel.m in Sources */ = {isa = PBXBuildFile; fileRef = 0EE770E01CBF8C81007314D9 /* BombKitPlatformModel.m */; };
		0EE770E61CBF8C81007314D9 /* BombKitPlatformModel.m in Sources */ = {isa = PBXBuildFile; fileRef = 0EE770E01CBF8C81007314D9 /* BombKitPlatformModel.m */; };
		0EE770E91CBF8C8D007314D9 /* BombKitPromoModel.h in Headers */ = {isa = PBXBuildFile; fileRef = 0EE770E71CBF8C8D007314D9 /* BombKitPromoModel.h */; settings = {ATTRIBUTES = (Public, ); }; };
		0EE770EA1CBF8C8D007314D9 /* BombKitPromoModel.h in Headers */ = {isa = PBXBuildFile; fileRef = 0EE770E71CBF8C8D007314D9 /* BombKitPromoModel.h */; settings = {ATTRIBUTES = (Public, ); }; };
		0EE770EB1CBF8C8D007314D9 /* BombKitPromoModel.h in Headers */ = {isa = PBXBuildFile; fileRef = 0EE770E71CBF8C8D007314D9 /* BombKitPromoModel.h */; settings = {ATTRIBUTES = (Public, ); }; };
		0EE770EC1CBF8C8D007314D9 /* BombKitPromoModel.m in Sources */ = {isa = PBXBuildFile; fileRef = 0EE770E81CBF8C8D007314D9 /* BombKitPromoModel.m */; };
		0EE770ED1CBF8C8D007314D9 /* BombKitPromoModel.m in Sources */ = {isa = PBXBuildFile; fileRef = 0EE770E81CBF8C8D007314D9 /* BombKitPromoModel.m */; };
		0EE770EE1CBF8C8D007314D9 /* BombKitPromoModel.m in Sources */ = {isa = PBXBuildFile; fileRef = 0EE770E81CBF8C8D007314D9 /* BombKitPromoModel.m */; };
		0EE770F11CBF8C99007314D9 /* BombKitRatingBoardModel.h in Headers */ = {isa = PBXBuildFile; fileRef = 0EE770EF1CBF8C99007314D9 /* BombKitRatingBoardModel.h */; settings = {ATTRIBUTES = (Public, ); }; };
		0EE770F21CBF8C99007314D9 /* BombKitRatingBoardModel.h in Headers */ = {isa = PBXBuildFile; fileRef = 0EE770EF1CBF8C99007314D9 /* BombKitRatingBoardModel.h */; settings = {ATTRIBUTES = (Public, ); }; };
		0EE770F31CBF8C99007314D9 /* BombKitRatingBoardModel.h in Headers */ = {isa = PBXBuildFile; fileRef = 0EE770EF1CBF8C99007314D9 /* BombKitRatingBoardModel.h */; settings = {ATTRIBUTES = (Public, ); }; };
		0EE770F41CBF8C99007314D9 /* BombKitRatingBoardModel.m in Sources */ = {isa = PBXBuildFile; fileRef = 0EE770F01CBF8C99007314D9 /* BombKitRatingBoardModel.m */; };
		0EE770F51CBF8C99007314D9 /* BombKitRatingBoardModel.m in Sources */ = {isa = PBXBuildFile; fileRef = 0EE770F01CBF8C99007314D9 /* BombKitRatingBoardModel.m */; };
		0EE770F61CBF8C99007314D9 /* BombKitRatingBoardModel.m in Sources */ = {isa = PBXBuildFile; fileRef = 0EE770F01CBF8C99007314D9 /* BombKitRatingBoardModel.m */; };
		0EE770F91CBF8CA9007314D9 /* BombKitRegionModel.h in Headers */ = {isa = PBXBuildFile; fileRef = 0EE770F71CBF8CA9007314D9 /* BombKitRegionModel.h */; settings = {ATTRIBUTES = (Public, ); }; };
		0EE770FA1CBF8CA9007314D9 /* BombKitRegionModel.h in Headers */ = {isa = PBXBuildFile; fileRef = 0EE770F71CBF8CA9007314D9 /* BombKitRegionModel.h */; settings = {ATTRIBUTES = (Public, ); }; };
		0EE770FB1CBF8CA9007314D9 /* BombKitRegionModel.h in Headers */ = {isa = PBXBuildFile; fileRef = 0EE770F71CBF8CA9007314D9 /* BombKitRegionModel.h */; settings = {ATTRIBUTES = (Public, ); }; };
		0EE770FC1CBF8CA9007314D9 /* BombKitRegionModel.m in Sources */ = {isa = PBXBuildFile; fileRef = 0EE770F81CBF8CA9007314D9 /* BombKitRegionModel.m */; };
		0EE770FD1CBF8CA9007314D9 /* BombKitRegionModel.m in Sources */ = {isa = PBXBuildFile; fileRef = 0EE770F81CBF8CA9007314D9 /* BombKitRegionModel.m */; };
		0EE770FE1CBF8CA9007314D9 /* BombKitRegionModel.m in Sources */ = {isa = PBXBuildFile; fileRef = 0EE770F81CBF8CA9007314D9 /* BombKitRegionModel.m */; };
		0EE771011CBF8CB8007314D9 /* BombKitReleaseModel.h in Headers */ = {isa = PBXBuildFile; fileRef = 0EE770FF1CBF8CB8007314D9 /* BombKitReleaseModel.h */; settings = {ATTRIBUTES = (Public, ); }; };
		0EE771021CBF8CB8007314D9 /* BombKitReleaseModel.h in Headers */ = {isa = PBXBuildFile; fileRef = 0EE770FF1CBF8CB8007314D9 /* BombKitReleaseModel.h */; settings = {ATTRIBUTES = (Public, ); }; };
		0EE771031CBF8CB8007314D9 /* BombKitReleaseModel.h in Headers */ = {isa = PBXBuildFile; fileRef = 0EE770FF1CBF8CB8007314D9 /* BombKitReleaseModel.h */; settings = {ATTRIBUTES = (Public, ); }; };
		0EE771041CBF8CB8007314D9 /* BombKitReleaseModel.m in Sources */ = {isa = PBXBuildFile; fileRef = 0EE771001CBF8CB8007314D9 /* BombKitReleaseModel.m */; };
		0EE771051CBF8CB8007314D9 /* BombKitReleaseModel.m in Sources */ = {isa = PBXBuildFile; fileRef = 0EE771001CBF8CB8007314D9 /* BombKitReleaseModel.m */; };
		0EE771061CBF8CB8007314D9 /* BombKitReleaseModel.m in Sources */ = {isa = PBXBuildFile; fileRef = 0EE771001CBF8CB8007314D9 /* BombKitReleaseModel.m */; };
		0EE771091CBF8CC1007314D9 /* BombKitReviewModel.h in Headers */ = {isa = PBXBuildFile; fileRef = 0EE771071CBF8CC1007314D9 /* BombKitReviewModel.h */; settings = {ATTRIBUTES = (Public, ); }; };
		0EE7710A1CBF8CC1007314D9 /* BombKitReviewModel.h in Headers */ = {isa = PBXBuildFile; fileRef = 0EE771071CBF8CC1007314D9 /* BombKitReviewModel.h */; settings = {ATTRIBUTES = (Public, ); }; };
		0EE7710B1CBF8CC1007314D9 /* BombKitReviewModel.h in Headers */ = {isa = PBXBuildFile; fileRef = 0EE771071CBF8CC1007314D9 /* BombKitReviewModel.h */; settings = {ATTRIBUTES = (Public, ); }; };
		0EE7710C1CBF8CC1007314D9 /* BombKitReviewModel.m in Sources */ = {isa = PBXBuildFile; fileRef = 0EE771081CBF8CC1007314D9 /* BombKitReviewModel.m */; };
		0EE7710D1CBF8CC1007314D9 /* BombKitReviewModel.m in Sources */ = {isa = PBXBuildFile; fileRef = 0EE771081CBF8CC1007314D9 /* BombKitReviewModel.m */; };
		0EE7710E1CBF8CC1007314D9 /* BombKitReviewModel.m in Sources */ = {isa = PBXBuildFile; fileRef = 0EE771081CBF8CC1007314D9 /* BombKitReviewModel.m */; };
		0EE771111CBF8CCB007314D9 /* BombKitThemeModel.h in Headers */ = {isa = PBXBuildFile; fileRef = 0EE7710F1CBF8CCB007314D9 /* BombKitThemeModel.h */; settings = {ATTRIBUTES = (Public, ); }; };
		0EE771121CBF8CCB007314D9 /* BombKitThemeModel.h in Headers */ = {isa = PBXBuildFile; fileRef = 0EE7710F1CBF8CCB007314D9 /* BombKitThemeModel.h */; settings = {ATTRIBUTES = (Public, ); }; };
		0EE771131CBF8CCB007314D9 /* BombKitThemeModel.h in Headers */ = {isa = PBXBuildFile; fileRef = 0EE7710F1CBF8CCB007314D9 /* BombKitThemeModel.h */; settings = {ATTRIBUTES = (Public, ); }; };
		0EE771141CBF8CCB007314D9 /* BombKitThemeModel.m in Sources */ = {isa = PBXBuildFile; fileRef = 0EE771101CBF8CCB007314D9 /* BombKitThemeModel.m */; };
		0EE771151CBF8CCB007314D9 /* BombKitThemeModel.m in Sources */ = {isa = PBXBuildFile; fileRef = 0EE771101CBF8CCB007314D9 /* BombKitThemeModel.m */; };
		0EE771161CBF8CCB007314D9 /* BombKitThemeModel.m in Sources */ = {isa = PBXBuildFile; fileRef = 0EE771101CBF8CCB007314D9 /* BombKitThemeModel.m */; };
		0EE771191CBF8CD5007314D9 /* BombKitTypesModel.h in Headers */ = {isa = PBXBuildFile; fileRef = 0EE771171CBF8CD5007314D9 /* BombKitTypesModel.h */; settings = {ATTRIBUTES = (Public, ); }; };
		0EE7711A1CBF8CD5007314D9 /* BombKitTypesModel.h in Headers */ = {isa = PBXBuildFile; fileRef = 0EE771171CBF8CD5007314D9 /* BombKitTypesModel.h */; settings = {ATTRIBUTES = (Public, ); }; };
		0EE7711B1CBF8CD5007314D9 /* BombKitTypesModel.h in Headers */ = {isa = PBXBuildFile; fileRef = 0EE771171CBF8CD5007314D9 /* BombKitTypesModel.h */; settings = {ATTRIBUTES = (Public, ); }; };
		0EE7711C1CBF8CD5007314D9 /* BombKitTypesModel.m in Sources */ = {isa = PBXBuildFile; fileRef = 0EE771181CBF8CD5007314D9 /* BombKitTypesModel.m */; };
		0EE7711D1CBF8CD5007314D9 /* BombKitTypesModel.m in Sources */ = {isa = PBXBuildFile; fileRef = 0EE771181CBF8CD5007314D9 /* BombKitTypesModel.m */; };
		0EE7711E1CBF8CD5007314D9 /* BombKitTypesModel.m in Sources */ = {isa = PBXBuildFile; fileRef = 0EE771181CBF8CD5007314D9 /* BombKitTypesModel.m */; };
		0EE771211CBF8CDF007314D9 /* BombKitUserReviewModel.h in Headers */ = {isa = PBXBuildFile; fileRef = 0EE7711F1CBF8CDF007314D9 /* BombKitUserReviewModel.h */; settings = {ATTRIBUTES = (Public, ); }; };
		0EE771221CBF8CDF007314D9 /* BombKitUserReviewModel.h in Headers */ = {isa = PBXBuildFile; fileRef = 0EE7711F1CBF8CDF007314D9 /* BombKitUserReviewModel.h */; settings = {ATTRIBUTES = (Public, ); }; };
		0EE771231CBF8CDF007314D9 /* BombKitUserReviewModel.h in Headers */ = {isa = PBXBuildFile; fileRef = 0EE7711F1CBF8CDF007314D9 /* BombKitUserReviewModel.h */; settings = {ATTRIBUTES = (Public, ); }; };
		0EE771241CBF8CDF007314D9 /* BombKitUserReviewModel.m in Sources */ = {isa = PBXBuildFile; fileRef = 0EE771201CBF8CDF007314D9 /* BombKitUserReviewModel.m */; };
		0EE771251CBF8CDF007314D9 /* BombKitUserReviewModel.m in Sources */ = {isa = PBXBuildFile; fileRef = 0EE771201CBF8CDF007314D9 /* BombKitUserReviewModel.m */; };
		0EE771261CBF8CDF007314D9 /* BombKitUserReviewModel.m in Sources */ = {isa = PBXBuildFile; fileRef = 0EE771201CBF8CDF007314D9 /* BombKitUserReviewModel.m */; };
		0EE771291CBF8CEA007314D9 /* BombKitVideoModel.h in Headers */ = {isa = PBXBuildFile; fileRef = 0EE771271CBF8CEA007314D9 /* BombKitVideoModel.h */; settings = {ATTRIBUTES = (Public, ); }; };
		0EE7712A1CBF8CEA007314D9 /* BombKitVideoModel.h in Headers */ = {isa = PBXBuildFile; fileRef = 0EE771271CBF8CEA007314D9 /* BombKitVideoModel.h */; settings = {ATTRIBUTES = (Public, ); }; };
		0EE7712B1CBF8CEA007314D9 /* BombKitVideoModel.h in Headers */ = {isa = PBXBuildFile; fileRef = 0EE771271CBF8CEA007314D9 /* BombKitVideoModel.h */; settings = {ATTRIBUTES = (Public, ); }; };
		0EE7712C1CBF8CEA007314D9 /* BombKitVideoModel.m in Sources */ = {isa = PBXBuildFile; fileRef = 0EE771281CBF8CEA007314D9 /* BombKitVideoModel.m */; };
		0EE7712D1CBF8CEA007314D9 /* BombKitVideoModel.m in Sources */ = {isa = PBXBuildFile; fileRef = 0EE771281CBF8CEA007314D9 /* BombKitVideoModel.m */; };
		0EE7712E1CBF8CEA007314D9 /* BombKitVideoModel.m in Sources */ = {isa = PBXBuildFile; fileRef = 0EE771281CBF8CEA007314D9 /* BombKitVideoModel.m */; };
		0EE771311CBF8CF6007314D9 /* BombKitVideoTypeModel.h in Headers */ = {isa = PBXBuildFile; fileRef = 0EE7712F1CBF8CF6007314D9 /* BombKitVideoTypeModel.h */; settings = {ATTRIBUTES = (Public, ); }; };
		0EE771321CBF8CF6007314D9 /* BombKitVideoTypeModel.h in Headers */ = {isa = PBXBuildFile; fileRef = 0EE7712F1CBF8CF6007314D9 /* BombKitVideoTypeModel.h */; settings = {ATTRIBUTES = (Public, ); }; };
		0EE771331CBF8CF6007314D9 /* BombKitVideoTypeModel.h in Headers */ = {isa = PBXBuildFile; fileRef = 0EE7712F1CBF8CF6007314D9 /* BombKitVideoTypeModel.h */; settings = {ATTRIBUTES = (Public, ); }; };
		0EE771341CBF8CF6007314D9 /* BombKitVideoTypeModel.m in Sources */ = {isa = PBXBuildFile; fileRef = 0EE771301CBF8CF6007314D9 /* BombKitVideoTypeModel.m */; };
		0EE771351CBF8CF6007314D9 /* BombKitVideoTypeModel.m in Sources */ = {isa = PBXBuildFile; fileRef = 0EE771301CBF8CF6007314D9 /* BombKitVideoTypeModel.m */; };
		0EE771361CBF8CF6007314D9 /* BombKitVideoTypeModel.m in Sources */ = {isa = PBXBuildFile; fileRef = 0EE771301CBF8CF6007314D9 /* BombKitVideoTypeModel.m */; };
		0EE771391CBF8D02007314D9 /* BombKitVideoShowModel.h in Headers */ = {isa = PBXBuildFile; fileRef = 0EE771371CBF8D02007314D9 /* BombKitVideoShowModel.h */; settings = {ATTRIBUTES = (Public, ); }; };
		0EE7713A1CBF8D02007314D9 /* BombKitVideoShowModel.h in Headers */ = {isa = PBXBuildFile; fileRef = 0EE771371CBF8D02007314D9 /* BombKitVideoShowModel.h */; settings = {ATTRIBUTES = (Public, ); }; };
		0EE7713B1CBF8D02007314D9 /* BombKitVideoShowModel.h in Headers */ = {isa = PBXBuildFile; fileRef = 0EE771371CBF8D02007314D9 /* BombKitVideoShowModel.h */; settings = {ATTRIBUTES = (Public, ); }; };
		0EE7713C1CBF8D02007314D9 /* BombKitVideoShowModel.m in Sources */ = {isa = PBXBuildFile; fileRef = 0EE771381CBF8D02007314D9 /* BombKitVideoShowModel.m */; };
		0EE7713D1CBF8D02007314D9 /* BombKitVideoShowModel.m in Sources */ = {isa = PBXBuildFile; fileRef = 0EE771381CBF8D02007314D9 /* BombKitVideoShowModel.m */; };
		0EE7713E1CBF8D02007314D9 /* BombKitVideoShowModel.m in Sources */ = {isa = PBXBuildFile; fileRef = 0EE771381CBF8D02007314D9 /* BombKitVideoShowModel.m */; };
		0EE771451CBF9608007314D9 /* BombKitModelFactory.h in Headers */ = {isa = PBXBuildFile; fileRef = 0EE771431CBF9608007314D9 /* BombKitModelFactory.h */; };
		0EE771461CBF9608007314D9 /* BombKitModelFactory.h in Headers */ = {isa = PBXBuildFile; fileRef = 0EE771431CBF9608007314D9 /* BombKitModelFactory.h */; };
		0EE771471CBF9608007314D9 /* BombKitModelFactory.h in Headers */ = {isa = PBXBuildFile; fileRef = 0EE771431CBF9608007314D9 /* BombKitModelFactory.h */; };
		0EE771481CBF9608007314D9 /* BombKitModelFactory.m in Sources */ = {isa = PBXBuildFile; fileRef = 0EE771441CBF9608007314D9 /* BombKitModelFactory.m */; };
		0EE771491CBF9608007314D9 /* BombKitModelFactory.m in Sources */ = {isa = PBXBuildFile; fileRef = 0EE771441CBF9608007314D9 /* BombKitModelFactory.m */; };
		0EE7714A1CBF9608007314D9 /* BombKitModelFactory.m in Sources */ = {isa = PBXBuildFile; fileRef = 0EE771441CBF9608007314D9 /* BombKitModelFactory.m */; };
		0EFE6FC51CBDEE8700D5D26D /* BombKitConstant.h in Headers */ = {isa = PBXBuildFile; fileRef = 0EFE6FC31CBDEE8700D5D26D /* BombKitConstant.h */; settings = {ATTRIBUTES = (Public, ); }; };
		0EFE6FC61CBDEE8700D5D26D /* BombKitConstant.h in Headers */ = {isa = PBXBuildFile; fileRef = 0EFE6FC31CBDEE8700D5D26D /* BombKitConstant.h */; settings = {ATTRIBUTES = (Public, ); }; };
		0EFE6FC71CBDEE8700D5D26D /* BombKitConstant.h in Headers */ = {isa = PBXBuildFile; fileRef = 0EFE6FC31CBDEE8700D5D26D /* BombKitConstant.h */; settings = {ATTRIBUTES = (Public, ); }; };
		0EFE6FC81CBDEE8700D5D26D /* BombKitConstant.m in Sources */ = {isa = PBXBuildFile; fileRef = 0EFE6FC41CBDEE8700D5D26D /* BombKitConstant.m */; };
		0EFE6FC91CBDEE8700D5D26D /* BombKitConstant.m in Sources */ = {isa = PBXBuildFile; fileRef = 0EFE6FC41CBDEE8700D5D26D /* BombKitConstant.m */; };
		0EFE6FCA1CBDEE8700D5D26D /* BombKitConstant.m in Sources */ = {isa = PBXBuildFile; fileRef = 0EFE6FC41CBDEE8700D5D26D /* BombKitConstant.m */; };
		748E3BD51CBD38C600133052 /* BombKit.h in Headers */ = {isa = PBXBuildFile; fileRef = 0E279E1C1CBB52E900F2582A /* BombKit.h */; settings = {ATTRIBUTES = (Public, ); }; };
		748E3BD61CBD38C700133052 /* BombKit.h in Headers */ = {isa = PBXBuildFile; fileRef = 0E279E1C1CBB52E900F2582A /* BombKit.h */; settings = {ATTRIBUTES = (Public, ); }; };
/* End PBXBuildFile section */

/* Begin PBXContainerItemProxy section */
		0E279E251CBB52E900F2582A /* PBXContainerItemProxy */ = {
			isa = PBXContainerItemProxy;
			containerPortal = 0E279E101CBB52E900F2582A /* Project object */;
			proxyType = 1;
			remoteGlobalIDString = 0E279E181CBB52E900F2582A;
			remoteInfo = BombKit;
		};
		0E279E501CBB538C00F2582A /* PBXContainerItemProxy */ = {
			isa = PBXContainerItemProxy;
			containerPortal = 0E279E101CBB52E900F2582A /* Project object */;
			proxyType = 1;
			remoteGlobalIDString = 0E279E441CBB538C00F2582A;
			remoteInfo = "BombKit OSX";
		};
		0E279E6C1CBB543400F2582A /* PBXContainerItemProxy */ = {
			isa = PBXContainerItemProxy;
			containerPortal = 0E279E101CBB52E900F2582A /* Project object */;
			proxyType = 1;
			remoteGlobalIDString = 0E279E601CBB543400F2582A;
			remoteInfo = "BombKit tvOS";
		};
/* End PBXContainerItemProxy section */

/* Begin PBXFileReference section */
		0E279E191CBB52E900F2582A /* BombKit.framework */ = {isa = PBXFileReference; explicitFileType = wrapper.framework; includeInIndex = 0; path = BombKit.framework; sourceTree = BUILT_PRODUCTS_DIR; };
		0E279E1C1CBB52E900F2582A /* BombKit.h */ = {isa = PBXFileReference; lastKnownFileType = sourcecode.c.h; path = BombKit.h; sourceTree = "<group>"; };
		0E279E1E1CBB52E900F2582A /* Info.plist */ = {isa = PBXFileReference; lastKnownFileType = text.plist.xml; path = Info.plist; sourceTree = "<group>"; };
		0E279E231CBB52E900F2582A /* BombKitTests.xctest */ = {isa = PBXFileReference; explicitFileType = wrapper.cfbundle; includeInIndex = 0; path = BombKitTests.xctest; sourceTree = BUILT_PRODUCTS_DIR; };
		0E279E2A1CBB52E900F2582A /* Info.plist */ = {isa = PBXFileReference; lastKnownFileType = text.plist.xml; path = Info.plist; sourceTree = "<group>"; };
		0E279E451CBB538C00F2582A /* BombKit.framework */ = {isa = PBXFileReference; explicitFileType = wrapper.framework; includeInIndex = 0; path = BombKit.framework; sourceTree = BUILT_PRODUCTS_DIR; };
		0E279E491CBB538C00F2582A /* Info.plist */ = {isa = PBXFileReference; lastKnownFileType = text.plist.xml; path = Info.plist; sourceTree = "<group>"; };
		0E279E4E1CBB538C00F2582A /* BombKit OSXTests.xctest */ = {isa = PBXFileReference; explicitFileType = wrapper.cfbundle; includeInIndex = 0; path = "BombKit OSXTests.xctest"; sourceTree = BUILT_PRODUCTS_DIR; };
		0E279E551CBB538C00F2582A /* Info.plist */ = {isa = PBXFileReference; lastKnownFileType = text.plist.xml; path = Info.plist; sourceTree = "<group>"; };
		0E279E611CBB543400F2582A /* BombKit.framework */ = {isa = PBXFileReference; explicitFileType = wrapper.framework; includeInIndex = 0; path = BombKit.framework; sourceTree = BUILT_PRODUCTS_DIR; };
		0E279E651CBB543400F2582A /* Info.plist */ = {isa = PBXFileReference; lastKnownFileType = text.plist.xml; path = Info.plist; sourceTree = "<group>"; };
		0E279E6A1CBB543400F2582A /* BombKit tvOSTests.xctest */ = {isa = PBXFileReference; explicitFileType = wrapper.cfbundle; includeInIndex = 0; path = "BombKit tvOSTests.xctest"; sourceTree = BUILT_PRODUCTS_DIR; };
		0E279E711CBB543400F2582A /* Info.plist */ = {isa = PBXFileReference; lastKnownFileType = text.plist.xml; path = Info.plist; sourceTree = "<group>"; };
		0E279E7A1CBB54E500F2582A /* BombRequest.h */ = {isa = PBXFileReference; fileEncoding = 4; lastKnownFileType = sourcecode.c.h; path = BombRequest.h; sourceTree = "<group>"; };
		0E279E7B1CBB54E500F2582A /* BombRequest.m */ = {isa = PBXFileReference; fileEncoding = 4; lastKnownFileType = sourcecode.c.objc; path = BombRequest.m; sourceTree = "<group>"; };
		0E279E821CBB552200F2582A /* BombRequestTests.m */ = {isa = PBXFileReference; fileEncoding = 4; lastKnownFileType = sourcecode.c.objc; lineEnding = 0; path = BombRequestTests.m; sourceTree = "<group>"; xcLanguageSpecificationIdentifier = xcode.lang.objc; };
		0E279E861CBB564200F2582A /* BombRequestBuilder.h */ = {isa = PBXFileReference; fileEncoding = 4; lastKnownFileType = sourcecode.c.h; path = BombRequestBuilder.h; sourceTree = "<group>"; };
		0E279E871CBB564200F2582A /* BombRequestBuilder.m */ = {isa = PBXFileReference; fileEncoding = 4; lastKnownFileType = sourcecode.c.objc; path = BombRequestBuilder.m; sourceTree = "<group>"; };
		0E279E8E1CBB5C9700F2582A /* NSError+BombKit.h */ = {isa = PBXFileReference; fileEncoding = 4; lastKnownFileType = sourcecode.c.h; path = "NSError+BombKit.h"; sourceTree = "<group>"; };
		0E279E8F1CBB5C9700F2582A /* NSError+BombKit.m */ = {isa = PBXFileReference; fileEncoding = 4; lastKnownFileType = sourcecode.c.objc; path = "NSError+BombKit.m"; sourceTree = "<group>"; };
		0E9788211CC9D7C600C5CD0F /* BombBaseModel+Private.h */ = {isa = PBXFileReference; fileEncoding = 4; lastKnownFileType = sourcecode.c.h; lineEnding = 0; path = "BombBaseModel+Private.h"; sourceTree = "<group>"; xcLanguageSpecificationIdentifier = xcode.lang.objcpp; };
		0E9788221CC9D7C600C5CD0F /* BombBaseModel+Private.m */ = {isa = PBXFileReference; fileEncoding = 4; lastKnownFileType = sourcecode.c.objc; path = "BombBaseModel+Private.m"; sourceTree = "<group>"; };
		0E9788291CC9DB6200C5CD0F /* BombKitImageModel.h */ = {isa = PBXFileReference; fileEncoding = 4; lastKnownFileType = sourcecode.c.h; lineEnding = 0; path = BombKitImageModel.h; sourceTree = "<group>"; xcLanguageSpecificationIdentifier = xcode.lang.objcpp; };
		0E97882A1CC9DB6200C5CD0F /* BombKitImageModel.m */ = {isa = PBXFileReference; fileEncoding = 4; lastKnownFileType = sourcecode.c.objc; path = BombKitImageModel.m; sourceTree = "<group>"; };
		0EE770731CBF7DB7007314D9 /* BombBaseModel.h */ = {isa = PBXFileReference; fileEncoding = 4; lastKnownFileType = sourcecode.c.h; path = BombBaseModel.h; sourceTree = "<group>"; };
		0EE770741CBF7DB7007314D9 /* BombBaseModel.m */ = {isa = PBXFileReference; fileEncoding = 4; lastKnownFileType = sourcecode.c.objc; path = BombBaseModel.m; sourceTree = "<group>"; };
		0EE7707B1CBF8226007314D9 /* BombKitModel.h */ = {isa = PBXFileReference; fileEncoding = 4; lastKnownFileType = sourcecode.c.h; path = BombKitModel.h; sourceTree = "<group>"; };
		0EE7707F1CBF8BD2007314D9 /* BombKitAccessoryModel.h */ = {isa = PBXFileReference; fileEncoding = 4; lastKnownFileType = sourcecode.c.h; path = BombKitAccessoryModel.h; sourceTree = "<group>"; };
		0EE770801CBF8BD2007314D9 /* BombKitAccessoryModel.m */ = {isa = PBXFileReference; fileEncoding = 4; lastKnownFileType = sourcecode.c.objc; path = BombKitAccessoryModel.m; sourceTree = "<group>"; };
		0EE770871CBF8BDD007314D9 /* BombKitCharacterModel.h */ = {isa = PBXFileReference; fileEncoding = 4; lastKnownFileType = sourcecode.c.h; lineEnding = 0; path = BombKitCharacterModel.h; sourceTree = "<group>"; xcLanguageSpecificationIdentifier = xcode.lang.objcpp; };
		0EE770881CBF8BDD007314D9 /* BombKitCharacterModel.m */ = {isa = PBXFileReference; fileEncoding = 4; lastKnownFileType = sourcecode.c.objc; path = BombKitCharacterModel.m; sourceTree = "<group>"; };
		0EE7708F1CBF8BE8007314D9 /* BombKitChatModel.h */ = {isa = PBXFileReference; fileEncoding = 4; lastKnownFileType = sourcecode.c.h; lineEnding = 0; path = BombKitChatModel.h; sourceTree = "<group>"; xcLanguageSpecificationIdentifier = xcode.lang.objcpp; };
		0EE770901CBF8BE8007314D9 /* BombKitChatModel.m */ = {isa = PBXFileReference; fileEncoding = 4; lastKnownFileType = sourcecode.c.objc; path = BombKitChatModel.m; sourceTree = "<group>"; };
		0EE770971CBF8BF4007314D9 /* BombKitCompanyModel.h */ = {isa = PBXFileReference; fileEncoding = 4; lastKnownFileType = sourcecode.c.h; lineEnding = 0; path = BombKitCompanyModel.h; sourceTree = "<group>"; xcLanguageSpecificationIdentifier = xcode.lang.objcpp; };
		0EE770981CBF8BF4007314D9 /* BombKitCompanyModel.m */ = {isa = PBXFileReference; fileEncoding = 4; lastKnownFileType = sourcecode.c.objc; path = BombKitCompanyModel.m; sourceTree = "<group>"; };
		0EE7709F1CBF8BFF007314D9 /* BombKitConceptModel.h */ = {isa = PBXFileReference; fileEncoding = 4; lastKnownFileType = sourcecode.c.h; lineEnding = 0; path = BombKitConceptModel.h; sourceTree = "<group>"; xcLanguageSpecificationIdentifier = xcode.lang.objcpp; };
		0EE770A01CBF8BFF007314D9 /* BombKitConceptModel.m */ = {isa = PBXFileReference; fileEncoding = 4; lastKnownFileType = sourcecode.c.objc; path = BombKitConceptModel.m; sourceTree = "<group>"; };
		0EE770A71CBF8C09007314D9 /* BombKitFranchiseModel.h */ = {isa = PBXFileReference; fileEncoding = 4; lastKnownFileType = sourcecode.c.h; lineEnding = 0; path = BombKitFranchiseModel.h; sourceTree = "<group>"; xcLanguageSpecificationIdentifier = xcode.lang.objcpp; };
		0EE770A81CBF8C09007314D9 /* BombKitFranchiseModel.m */ = {isa = PBXFileReference; fileEncoding = 4; lastKnownFileType = sourcecode.c.objc; path = BombKitFranchiseModel.m; sourceTree = "<group>"; };
		0EE770AF1CBF8C13007314D9 /* BombKitGameModel.h */ = {isa = PBXFileReference; fileEncoding = 4; lastKnownFileType = sourcecode.c.h; lineEnding = 0; path = BombKitGameModel.h; sourceTree = "<group>"; xcLanguageSpecificationIdentifier = xcode.lang.objcpp; };
		0EE770B01CBF8C13007314D9 /* BombKitGameModel.m */ = {isa = PBXFileReference; fileEncoding = 4; lastKnownFileType = sourcecode.c.objc; path = BombKitGameModel.m; sourceTree = "<group>"; };
		0EE770B71CBF8C29007314D9 /* BombKitGameRatingModel.h */ = {isa = PBXFileReference; fileEncoding = 4; lastKnownFileType = sourcecode.c.h; lineEnding = 0; path = BombKitGameRatingModel.h; sourceTree = "<group>"; xcLanguageSpecificationIdentifier = xcode.lang.objcpp; };
		0EE770B81CBF8C29007314D9 /* BombKitGameRatingModel.m */ = {isa = PBXFileReference; fileEncoding = 4; lastKnownFileType = sourcecode.c.objc; path = BombKitGameRatingModel.m; sourceTree = "<group>"; };
		0EE770BF1CBF8C54007314D9 /* BombKitGenreModel.h */ = {isa = PBXFileReference; fileEncoding = 4; lastKnownFileType = sourcecode.c.h; lineEnding = 0; path = BombKitGenreModel.h; sourceTree = "<group>"; xcLanguageSpecificationIdentifier = xcode.lang.objcpp; };
		0EE770C01CBF8C54007314D9 /* BombKitGenreModel.m */ = {isa = PBXFileReference; fileEncoding = 4; lastKnownFileType = sourcecode.c.objc; path = BombKitGenreModel.m; sourceTree = "<group>"; };
		0EE770C71CBF8C5F007314D9 /* BombKitLocationModel.h */ = {isa = PBXFileReference; fileEncoding = 4; lastKnownFileType = sourcecode.c.h; lineEnding = 0; path = BombKitLocationModel.h; sourceTree = "<group>"; xcLanguageSpecificationIdentifier = xcode.lang.objcpp; };
		0EE770C81CBF8C5F007314D9 /* BombKitLocationModel.m */ = {isa = PBXFileReference; fileEncoding = 4; lastKnownFileType = sourcecode.c.objc; path = BombKitLocationModel.m; sourceTree = "<group>"; };
		0EE770CF1CBF8C68007314D9 /* BombKitObjectModel.h */ = {isa = PBXFileReference; fileEncoding = 4; lastKnownFileType = sourcecode.c.h; lineEnding = 0; path = BombKitObjectModel.h; sourceTree = "<group>"; xcLanguageSpecificationIdentifier = xcode.lang.objcpp; };
		0EE770D01CBF8C68007314D9 /* BombKitObjectModel.m */ = {isa = PBXFileReference; fileEncoding = 4; lastKnownFileType = sourcecode.c.objc; path = BombKitObjectModel.m; sourceTree = "<group>"; };
		0EE770D71CBF8C74007314D9 /* BombKitPersonModel.h */ = {isa = PBXFileReference; fileEncoding = 4; lastKnownFileType = sourcecode.c.h; lineEnding = 0; path = BombKitPersonModel.h; sourceTree = "<group>"; xcLanguageSpecificationIdentifier = xcode.lang.objcpp; };
		0EE770D81CBF8C74007314D9 /* BombKitPersonModel.m */ = {isa = PBXFileReference; fileEncoding = 4; lastKnownFileType = sourcecode.c.objc; path = BombKitPersonModel.m; sourceTree = "<group>"; };
		0EE770DF1CBF8C81007314D9 /* BombKitPlatformModel.h */ = {isa = PBXFileReference; fileEncoding = 4; lastKnownFileType = sourcecode.c.h; lineEnding = 0; path = BombKitPlatformModel.h; sourceTree = "<group>"; xcLanguageSpecificationIdentifier = xcode.lang.objcpp; };
		0EE770E01CBF8C81007314D9 /* BombKitPlatformModel.m */ = {isa = PBXFileReference; fileEncoding = 4; lastKnownFileType = sourcecode.c.objc; path = BombKitPlatformModel.m; sourceTree = "<group>"; };
		0EE770E71CBF8C8D007314D9 /* BombKitPromoModel.h */ = {isa = PBXFileReference; fileEncoding = 4; lastKnownFileType = sourcecode.c.h; lineEnding = 0; path = BombKitPromoModel.h; sourceTree = "<group>"; xcLanguageSpecificationIdentifier = xcode.lang.objcpp; };
		0EE770E81CBF8C8D007314D9 /* BombKitPromoModel.m */ = {isa = PBXFileReference; fileEncoding = 4; lastKnownFileType = sourcecode.c.objc; path = BombKitPromoModel.m; sourceTree = "<group>"; };
		0EE770EF1CBF8C99007314D9 /* BombKitRatingBoardModel.h */ = {isa = PBXFileReference; fileEncoding = 4; lastKnownFileType = sourcecode.c.h; lineEnding = 0; path = BombKitRatingBoardModel.h; sourceTree = "<group>"; xcLanguageSpecificationIdentifier = xcode.lang.objcpp; };
		0EE770F01CBF8C99007314D9 /* BombKitRatingBoardModel.m */ = {isa = PBXFileReference; fileEncoding = 4; lastKnownFileType = sourcecode.c.objc; path = BombKitRatingBoardModel.m; sourceTree = "<group>"; };
		0EE770F71CBF8CA9007314D9 /* BombKitRegionModel.h */ = {isa = PBXFileReference; fileEncoding = 4; lastKnownFileType = sourcecode.c.h; lineEnding = 0; path = BombKitRegionModel.h; sourceTree = "<group>"; xcLanguageSpecificationIdentifier = xcode.lang.objcpp; };
		0EE770F81CBF8CA9007314D9 /* BombKitRegionModel.m */ = {isa = PBXFileReference; fileEncoding = 4; lastKnownFileType = sourcecode.c.objc; path = BombKitRegionModel.m; sourceTree = "<group>"; };
		0EE770FF1CBF8CB8007314D9 /* BombKitReleaseModel.h */ = {isa = PBXFileReference; fileEncoding = 4; lastKnownFileType = sourcecode.c.h; lineEnding = 0; path = BombKitReleaseModel.h; sourceTree = "<group>"; xcLanguageSpecificationIdentifier = xcode.lang.objcpp; };
		0EE771001CBF8CB8007314D9 /* BombKitReleaseModel.m */ = {isa = PBXFileReference; fileEncoding = 4; lastKnownFileType = sourcecode.c.objc; path = BombKitReleaseModel.m; sourceTree = "<group>"; };
		0EE771071CBF8CC1007314D9 /* BombKitReviewModel.h */ = {isa = PBXFileReference; fileEncoding = 4; lastKnownFileType = sourcecode.c.h; lineEnding = 0; path = BombKitReviewModel.h; sourceTree = "<group>"; xcLanguageSpecificationIdentifier = xcode.lang.objcpp; };
		0EE771081CBF8CC1007314D9 /* BombKitReviewModel.m */ = {isa = PBXFileReference; fileEncoding = 4; lastKnownFileType = sourcecode.c.objc; path = BombKitReviewModel.m; sourceTree = "<group>"; };
		0EE7710F1CBF8CCB007314D9 /* BombKitThemeModel.h */ = {isa = PBXFileReference; fileEncoding = 4; lastKnownFileType = sourcecode.c.h; lineEnding = 0; path = BombKitThemeModel.h; sourceTree = "<group>"; xcLanguageSpecificationIdentifier = xcode.lang.objcpp; };
		0EE771101CBF8CCB007314D9 /* BombKitThemeModel.m */ = {isa = PBXFileReference; fileEncoding = 4; lastKnownFileType = sourcecode.c.objc; path = BombKitThemeModel.m; sourceTree = "<group>"; };
		0EE771171CBF8CD5007314D9 /* BombKitTypesModel.h */ = {isa = PBXFileReference; fileEncoding = 4; lastKnownFileType = sourcecode.c.h; lineEnding = 0; path = BombKitTypesModel.h; sourceTree = "<group>"; xcLanguageSpecificationIdentifier = xcode.lang.objcpp; };
		0EE771181CBF8CD5007314D9 /* BombKitTypesModel.m */ = {isa = PBXFileReference; fileEncoding = 4; lastKnownFileType = sourcecode.c.objc; path = BombKitTypesModel.m; sourceTree = "<group>"; };
		0EE7711F1CBF8CDF007314D9 /* BombKitUserReviewModel.h */ = {isa = PBXFileReference; fileEncoding = 4; lastKnownFileType = sourcecode.c.h; lineEnding = 0; path = BombKitUserReviewModel.h; sourceTree = "<group>"; xcLanguageSpecificationIdentifier = xcode.lang.objcpp; };
		0EE771201CBF8CDF007314D9 /* BombKitUserReviewModel.m */ = {isa = PBXFileReference; fileEncoding = 4; lastKnownFileType = sourcecode.c.objc; path = BombKitUserReviewModel.m; sourceTree = "<group>"; };
		0EE771271CBF8CEA007314D9 /* BombKitVideoModel.h */ = {isa = PBXFileReference; fileEncoding = 4; lastKnownFileType = sourcecode.c.h; lineEnding = 0; path = BombKitVideoModel.h; sourceTree = "<group>"; xcLanguageSpecificationIdentifier = xcode.lang.objcpp; };
		0EE771281CBF8CEA007314D9 /* BombKitVideoModel.m */ = {isa = PBXFileReference; fileEncoding = 4; lastKnownFileType = sourcecode.c.objc; path = BombKitVideoModel.m; sourceTree = "<group>"; };
		0EE7712F1CBF8CF6007314D9 /* BombKitVideoTypeModel.h */ = {isa = PBXFileReference; fileEncoding = 4; lastKnownFileType = sourcecode.c.h; lineEnding = 0; path = BombKitVideoTypeModel.h; sourceTree = "<group>"; xcLanguageSpecificationIdentifier = xcode.lang.objcpp; };
		0EE771301CBF8CF6007314D9 /* BombKitVideoTypeModel.m */ = {isa = PBXFileReference; fileEncoding = 4; lastKnownFileType = sourcecode.c.objc; path = BombKitVideoTypeModel.m; sourceTree = "<group>"; };
		0EE771371CBF8D02007314D9 /* BombKitVideoShowModel.h */ = {isa = PBXFileReference; fileEncoding = 4; lastKnownFileType = sourcecode.c.h; lineEnding = 0; path = BombKitVideoShowModel.h; sourceTree = "<group>"; xcLanguageSpecificationIdentifier = xcode.lang.objcpp; };
		0EE771381CBF8D02007314D9 /* BombKitVideoShowModel.m */ = {isa = PBXFileReference; fileEncoding = 4; lastKnownFileType = sourcecode.c.objc; path = BombKitVideoShowModel.m; sourceTree = "<group>"; };
		0EE771431CBF9608007314D9 /* BombKitModelFactory.h */ = {isa = PBXFileReference; fileEncoding = 4; lastKnownFileType = sourcecode.c.h; lineEnding = 0; path = BombKitModelFactory.h; sourceTree = "<group>"; xcLanguageSpecificationIdentifier = xcode.lang.objcpp; };
		0EE771441CBF9608007314D9 /* BombKitModelFactory.m */ = {isa = PBXFileReference; fileEncoding = 4; lastKnownFileType = sourcecode.c.objc; path = BombKitModelFactory.m; sourceTree = "<group>"; };
		0EFE6FC31CBDEE8700D5D26D /* BombKitConstant.h */ = {isa = PBXFileReference; fileEncoding = 4; lastKnownFileType = sourcecode.c.h; path = BombKitConstant.h; sourceTree = "<group>"; };
		0EFE6FC41CBDEE8700D5D26D /* BombKitConstant.m */ = {isa = PBXFileReference; fileEncoding = 4; lastKnownFileType = sourcecode.c.objc; path = BombKitConstant.m; sourceTree = "<group>"; };
/* End PBXFileReference section */

/* Begin PBXFrameworksBuildPhase section */
		0E279E151CBB52E900F2582A /* Frameworks */ = {
			isa = PBXFrameworksBuildPhase;
			buildActionMask = 2147483647;
			files = (
			);
			runOnlyForDeploymentPostprocessing = 0;
		};
		0E279E201CBB52E900F2582A /* Frameworks */ = {
			isa = PBXFrameworksBuildPhase;
			buildActionMask = 2147483647;
			files = (
				0E279E241CBB52E900F2582A /* BombKit.framework in Frameworks */,
			);
			runOnlyForDeploymentPostprocessing = 0;
		};
		0E279E411CBB538C00F2582A /* Frameworks */ = {
			isa = PBXFrameworksBuildPhase;
			buildActionMask = 2147483647;
			files = (
			);
			runOnlyForDeploymentPostprocessing = 0;
		};
		0E279E4B1CBB538C00F2582A /* Frameworks */ = {
			isa = PBXFrameworksBuildPhase;
			buildActionMask = 2147483647;
			files = (
				0E279E4F1CBB538C00F2582A /* BombKit.framework in Frameworks */,
			);
			runOnlyForDeploymentPostprocessing = 0;
		};
		0E279E5D1CBB543400F2582A /* Frameworks */ = {
			isa = PBXFrameworksBuildPhase;
			buildActionMask = 2147483647;
			files = (
			);
			runOnlyForDeploymentPostprocessing = 0;
		};
		0E279E671CBB543400F2582A /* Frameworks */ = {
			isa = PBXFrameworksBuildPhase;
			buildActionMask = 2147483647;
			files = (
				0E279E6B1CBB543400F2582A /* BombKit.framework in Frameworks */,
			);
			runOnlyForDeploymentPostprocessing = 0;
		};
/* End PBXFrameworksBuildPhase section */

/* Begin PBXGroup section */
		0E279E0F1CBB52E900F2582A = {
			isa = PBXGroup;
			children = (
				0E279E791CBB54C200F2582A /* Tests */,
				0E279E781CBB54B800F2582A /* Classes */,
				0E279E1B1CBB52E900F2582A /* BombKit */,
				0E279E271CBB52E900F2582A /* BombKitTests */,
				0E279E461CBB538C00F2582A /* BombKit OSX */,
				0E279E521CBB538C00F2582A /* BombKit OSXTests */,
				0E279E621CBB543400F2582A /* BombKit tvOS */,
				0E279E6E1CBB543400F2582A /* BombKit tvOSTests */,
				0E279E1A1CBB52E900F2582A /* Products */,
			);
			sourceTree = "<group>";
		};
		0E279E1A1CBB52E900F2582A /* Products */ = {
			isa = PBXGroup;
			children = (
				0E279E191CBB52E900F2582A /* BombKit.framework */,
				0E279E231CBB52E900F2582A /* BombKitTests.xctest */,
				0E279E451CBB538C00F2582A /* BombKit.framework */,
				0E279E4E1CBB538C00F2582A /* BombKit OSXTests.xctest */,
				0E279E611CBB543400F2582A /* BombKit.framework */,
				0E279E6A1CBB543400F2582A /* BombKit tvOSTests.xctest */,
			);
			name = Products;
			sourceTree = "<group>";
		};
		0E279E1B1CBB52E900F2582A /* BombKit */ = {
			isa = PBXGroup;
			children = (
				0E279E1C1CBB52E900F2582A /* BombKit.h */,
				0E279E1E1CBB52E900F2582A /* Info.plist */,
			);
			path = BombKit;
			sourceTree = "<group>";
		};
		0E279E271CBB52E900F2582A /* BombKitTests */ = {
			isa = PBXGroup;
			children = (
				0E279E2A1CBB52E900F2582A /* Info.plist */,
			);
			path = BombKitTests;
			sourceTree = "<group>";
		};
		0E279E461CBB538C00F2582A /* BombKit OSX */ = {
			isa = PBXGroup;
			children = (
				0E279E491CBB538C00F2582A /* Info.plist */,
			);
			path = "BombKit OSX";
			sourceTree = "<group>";
		};
		0E279E521CBB538C00F2582A /* BombKit OSXTests */ = {
			isa = PBXGroup;
			children = (
				0E279E551CBB538C00F2582A /* Info.plist */,
			);
			path = "BombKit OSXTests";
			sourceTree = "<group>";
		};
		0E279E621CBB543400F2582A /* BombKit tvOS */ = {
			isa = PBXGroup;
			children = (
				0E279E651CBB543400F2582A /* Info.plist */,
			);
			path = "BombKit tvOS";
			sourceTree = "<group>";
		};
		0E279E6E1CBB543400F2582A /* BombKit tvOSTests */ = {
			isa = PBXGroup;
			children = (
				0E279E711CBB543400F2582A /* Info.plist */,
			);
			path = "BombKit tvOSTests";
			sourceTree = "<group>";
		};
		0E279E781CBB54B800F2582A /* Classes */ = {
			isa = PBXGroup;
			children = (
				0EE770721CBF7D84007314D9 /* Model */,
				0EE770711CBF7D7A007314D9 /* Factory */,
				0EFE6FCD1CBF40ED00D5D26D /* Error */,
				0EFE6FCC1CBF40E100D5D26D /* Constant */,
				0EFE6FCB1CBF40C600D5D26D /* Builder */,
				0E279E7A1CBB54E500F2582A /* BombRequest.h */,
				0E279E7B1CBB54E500F2582A /* BombRequest.m */,
			);
			path = Classes;
			sourceTree = "<group>";
		};
		0E279E791CBB54C200F2582A /* Tests */ = {
			isa = PBXGroup;
			children = (
				0E279E821CBB552200F2582A /* BombRequestTests.m */,
			);
			path = Tests;
			sourceTree = SOURCE_ROOT;
		};
		0EE770711CBF7D7A007314D9 /* Factory */ = {
			isa = PBXGroup;
			children = (
				0EE771431CBF9608007314D9 /* BombKitModelFactory.h */,
				0EE771441CBF9608007314D9 /* BombKitModelFactory.m */,
			);
			name = Factory;
			sourceTree = "<group>";
		};
		0EE770721CBF7D84007314D9 /* Model */ = {
			isa = PBXGroup;
			children = (
				0EE770731CBF7DB7007314D9 /* BombBaseModel.h */,
				0EE770741CBF7DB7007314D9 /* BombBaseModel.m */,
				0EE7707F1CBF8BD2007314D9 /* BombKitAccessoryModel.h */,
				0EE770801CBF8BD2007314D9 /* BombKitAccessoryModel.m */,
				0EE770871CBF8BDD007314D9 /* BombKitCharacterModel.h */,
				0EE770881CBF8BDD007314D9 /* BombKitCharacterModel.m */,
				0EE7708F1CBF8BE8007314D9 /* BombKitChatModel.h */,
				0EE770901CBF8BE8007314D9 /* BombKitChatModel.m */,
				0EE770971CBF8BF4007314D9 /* BombKitCompanyModel.h */,
				0EE770981CBF8BF4007314D9 /* BombKitCompanyModel.m */,
				0EE7709F1CBF8BFF007314D9 /* BombKitConceptModel.h */,
				0EE770A01CBF8BFF007314D9 /* BombKitConceptModel.m */,
				0EE770A71CBF8C09007314D9 /* BombKitFranchiseModel.h */,
				0EE770A81CBF8C09007314D9 /* BombKitFranchiseModel.m */,
				0EE770AF1CBF8C13007314D9 /* BombKitGameModel.h */,
				0EE770B01CBF8C13007314D9 /* BombKitGameModel.m */,
				0EE770B71CBF8C29007314D9 /* BombKitGameRatingModel.h */,
				0EE770B81CBF8C29007314D9 /* BombKitGameRatingModel.m */,
				0EE770BF1CBF8C54007314D9 /* BombKitGenreModel.h */,
				0EE770C01CBF8C54007314D9 /* BombKitGenreModel.m */,
				0EE770C71CBF8C5F007314D9 /* BombKitLocationModel.h */,
				0EE770C81CBF8C5F007314D9 /* BombKitLocationModel.m */,
				0EE770CF1CBF8C68007314D9 /* BombKitObjectModel.h */,
				0EE770D01CBF8C68007314D9 /* BombKitObjectModel.m */,
				0EE770D71CBF8C74007314D9 /* BombKitPersonModel.h */,
				0EE770D81CBF8C74007314D9 /* BombKitPersonModel.m */,
				0EE770DF1CBF8C81007314D9 /* BombKitPlatformModel.h */,
				0EE770E01CBF8C81007314D9 /* BombKitPlatformModel.m */,
				0EE770E71CBF8C8D007314D9 /* BombKitPromoModel.h */,
				0EE770E81CBF8C8D007314D9 /* BombKitPromoModel.m */,
				0EE770EF1CBF8C99007314D9 /* BombKitRatingBoardModel.h */,
				0EE770F01CBF8C99007314D9 /* BombKitRatingBoardModel.m */,
				0EE770F71CBF8CA9007314D9 /* BombKitRegionModel.h */,
				0EE770F81CBF8CA9007314D9 /* BombKitRegionModel.m */,
				0EE770FF1CBF8CB8007314D9 /* BombKitReleaseModel.h */,
				0EE771001CBF8CB8007314D9 /* BombKitReleaseModel.m */,
				0EE771071CBF8CC1007314D9 /* BombKitReviewModel.h */,
				0EE771081CBF8CC1007314D9 /* BombKitReviewModel.m */,
				0EE7710F1CBF8CCB007314D9 /* BombKitThemeModel.h */,
				0EE771101CBF8CCB007314D9 /* BombKitThemeModel.m */,
				0EE771171CBF8CD5007314D9 /* BombKitTypesModel.h */,
				0EE771181CBF8CD5007314D9 /* BombKitTypesModel.m */,
				0EE7711F1CBF8CDF007314D9 /* BombKitUserReviewModel.h */,
				0EE771201CBF8CDF007314D9 /* BombKitUserReviewModel.m */,
				0EE771271CBF8CEA007314D9 /* BombKitVideoModel.h */,
				0EE771281CBF8CEA007314D9 /* BombKitVideoModel.m */,
				0EE7712F1CBF8CF6007314D9 /* BombKitVideoTypeModel.h */,
				0EE771301CBF8CF6007314D9 /* BombKitVideoTypeModel.m */,
				0EE771371CBF8D02007314D9 /* BombKitVideoShowModel.h */,
				0EE771381CBF8D02007314D9 /* BombKitVideoShowModel.m */,
				0E9788211CC9D7C600C5CD0F /* BombBaseModel+Private.h */,
				0E9788221CC9D7C600C5CD0F /* BombBaseModel+Private.m */,
				0E9788291CC9DB6200C5CD0F /* BombKitImageModel.h */,
				0E97882A1CC9DB6200C5CD0F /* BombKitImageModel.m */,
			);
			name = Model;
			sourceTree = "<group>";
		};
		0EFE6FCB1CBF40C600D5D26D /* Builder */ = {
			isa = PBXGroup;
			children = (
				0E279E861CBB564200F2582A /* BombRequestBuilder.h */,
				0E279E871CBB564200F2582A /* BombRequestBuilder.m */,
			);
			name = Builder;
			sourceTree = "<group>";
		};
		0EFE6FCC1CBF40E100D5D26D /* Constant */ = {
			isa = PBXGroup;
			children = (
				0EE7707B1CBF8226007314D9 /* BombKitModel.h */,
				0EFE6FC31CBDEE8700D5D26D /* BombKitConstant.h */,
				0EFE6FC41CBDEE8700D5D26D /* BombKitConstant.m */,
			);
			name = Constant;
			sourceTree = "<group>";
		};
		0EFE6FCD1CBF40ED00D5D26D /* Error */ = {
			isa = PBXGroup;
			children = (
				0E279E8E1CBB5C9700F2582A /* NSError+BombKit.h */,
				0E279E8F1CBB5C9700F2582A /* NSError+BombKit.m */,
			);
			name = Error;
			sourceTree = "<group>";
		};
/* End PBXGroup section */

/* Begin PBXHeadersBuildPhase section */
		0E279E161CBB52E900F2582A /* Headers */ = {
			isa = PBXHeadersBuildPhase;
			buildActionMask = 2147483647;
			files = (
				0EE771391CBF8D02007314D9 /* BombKitVideoShowModel.h in Headers */,
				0E97882B1CC9DB6200C5CD0F /* BombKitImageModel.h in Headers */,
				0EE771211CBF8CDF007314D9 /* BombKitUserReviewModel.h in Headers */,
				0EE771091CBF8CC1007314D9 /* BombKitReviewModel.h in Headers */,
				0EE770891CBF8BDD007314D9 /* BombKitCharacterModel.h in Headers */,
				0EFE6FC51CBDEE8700D5D26D /* BombKitConstant.h in Headers */,
				0EE770991CBF8BF4007314D9 /* BombKitCompanyModel.h in Headers */,
				0EE770E91CBF8C8D007314D9 /* BombKitPromoModel.h in Headers */,
				0EE770C11CBF8C54007314D9 /* BombKitGenreModel.h in Headers */,
				0E279E7C1CBB54E500F2582A /* BombRequest.h in Headers */,
				0EE771111CBF8CCB007314D9 /* BombKitThemeModel.h in Headers */,
				0EE770A91CBF8C09007314D9 /* BombKitFranchiseModel.h in Headers */,
				0EE770D11CBF8C68007314D9 /* BombKitObjectModel.h in Headers */,
				0EE770B11CBF8C13007314D9 /* BombKitGameModel.h in Headers */,
				0EE771191CBF8CD5007314D9 /* BombKitTypesModel.h in Headers */,
				0EE770811CBF8BD2007314D9 /* BombKitAccessoryModel.h in Headers */,
				0E279E901CBB5C9700F2582A /* NSError+BombKit.h in Headers */,
				0EE770751CBF7DB7007314D9 /* BombBaseModel.h in Headers */,
				0E279E881CBB564200F2582A /* BombRequestBuilder.h in Headers */,
				0EE770B91CBF8C29007314D9 /* BombKitGameRatingModel.h in Headers */,
				0EE770A11CBF8BFF007314D9 /* BombKitConceptModel.h in Headers */,
				0EE770F91CBF8CA9007314D9 /* BombKitRegionModel.h in Headers */,
				0EE770E11CBF8C81007314D9 /* BombKitPlatformModel.h in Headers */,
				0EE770D91CBF8C74007314D9 /* BombKitPersonModel.h in Headers */,
				0E9788231CC9D7C600C5CD0F /* BombBaseModel+Private.h in Headers */,
				0E279E1D1CBB52E900F2582A /* BombKit.h in Headers */,
				0EE7707C1CBF8226007314D9 /* BombKitModel.h in Headers */,
				0EE771291CBF8CEA007314D9 /* BombKitVideoModel.h in Headers */,
				0EE770911CBF8BE8007314D9 /* BombKitChatModel.h in Headers */,
				0EE771011CBF8CB8007314D9 /* BombKitReleaseModel.h in Headers */,
				0EE771451CBF9608007314D9 /* BombKitModelFactory.h in Headers */,
				0EE771311CBF8CF6007314D9 /* BombKitVideoTypeModel.h in Headers */,
				0EE770C91CBF8C5F007314D9 /* BombKitLocationModel.h in Headers */,
				0EE770F11CBF8C99007314D9 /* BombKitRatingBoardModel.h in Headers */,
			);
			runOnlyForDeploymentPostprocessing = 0;
		};
		0E279E421CBB538C00F2582A /* Headers */ = {
			isa = PBXHeadersBuildPhase;
			buildActionMask = 2147483647;
			files = (
				0EE7713A1CBF8D02007314D9 /* BombKitVideoShowModel.h in Headers */,
				0E97882C1CC9DB6200C5CD0F /* BombKitImageModel.h in Headers */,
				0EE771221CBF8CDF007314D9 /* BombKitUserReviewModel.h in Headers */,
				0EE7710A1CBF8CC1007314D9 /* BombKitReviewModel.h in Headers */,
				0EE7708A1CBF8BDD007314D9 /* BombKitCharacterModel.h in Headers */,
				0E279E7D1CBB54E500F2582A /* BombRequest.h in Headers */,
				0EE7709A1CBF8BF4007314D9 /* BombKitCompanyModel.h in Headers */,
				0EE770EA1CBF8C8D007314D9 /* BombKitPromoModel.h in Headers */,
				0EE770C21CBF8C54007314D9 /* BombKitGenreModel.h in Headers */,
				0EFE6FC61CBDEE8700D5D26D /* BombKitConstant.h in Headers */,
				0EE771121CBF8CCB007314D9 /* BombKitThemeModel.h in Headers */,
				0EE770AA1CBF8C09007314D9 /* BombKitFranchiseModel.h in Headers */,
				0EE770D21CBF8C68007314D9 /* BombKitObjectModel.h in Headers */,
				0EE770B21CBF8C13007314D9 /* BombKitGameModel.h in Headers */,
				0EE7711A1CBF8CD5007314D9 /* BombKitTypesModel.h in Headers */,
				0EE770821CBF8BD2007314D9 /* BombKitAccessoryModel.h in Headers */,
				0E279E911CBB5C9700F2582A /* NSError+BombKit.h in Headers */,
				0EE770761CBF7DB7007314D9 /* BombBaseModel.h in Headers */,
				0E279E891CBB564200F2582A /* BombRequestBuilder.h in Headers */,
				0EE770BA1CBF8C29007314D9 /* BombKitGameRatingModel.h in Headers */,
				0EE770A21CBF8BFF007314D9 /* BombKitConceptModel.h in Headers */,
				0EE770FA1CBF8CA9007314D9 /* BombKitRegionModel.h in Headers */,
				0EE770E21CBF8C81007314D9 /* BombKitPlatformModel.h in Headers */,
				0EE770DA1CBF8C74007314D9 /* BombKitPersonModel.h in Headers */,
				0E9788241CC9D7C600C5CD0F /* BombBaseModel+Private.h in Headers */,
				748E3BD51CBD38C600133052 /* BombKit.h in Headers */,
				0EE7707D1CBF8226007314D9 /* BombKitModel.h in Headers */,
				0EE7712A1CBF8CEA007314D9 /* BombKitVideoModel.h in Headers */,
				0EE770921CBF8BE8007314D9 /* BombKitChatModel.h in Headers */,
				0EE771021CBF8CB8007314D9 /* BombKitReleaseModel.h in Headers */,
				0EE771461CBF9608007314D9 /* BombKitModelFactory.h in Headers */,
				0EE771321CBF8CF6007314D9 /* BombKitVideoTypeModel.h in Headers */,
				0EE770CA1CBF8C5F007314D9 /* BombKitLocationModel.h in Headers */,
				0EE770F21CBF8C99007314D9 /* BombKitRatingBoardModel.h in Headers */,
			);
			runOnlyForDeploymentPostprocessing = 0;
		};
		0E279E5E1CBB543400F2582A /* Headers */ = {
			isa = PBXHeadersBuildPhase;
			buildActionMask = 2147483647;
			files = (
				0EE7713B1CBF8D02007314D9 /* BombKitVideoShowModel.h in Headers */,
				0E97882D1CC9DB6200C5CD0F /* BombKitImageModel.h in Headers */,
				0EE771231CBF8CDF007314D9 /* BombKitUserReviewModel.h in Headers */,
				0EE7710B1CBF8CC1007314D9 /* BombKitReviewModel.h in Headers */,
				0EE7708B1CBF8BDD007314D9 /* BombKitCharacterModel.h in Headers */,
				0E279E7E1CBB54E500F2582A /* BombRequest.h in Headers */,
				0EE7709B1CBF8BF4007314D9 /* BombKitCompanyModel.h in Headers */,
				0EE770EB1CBF8C8D007314D9 /* BombKitPromoModel.h in Headers */,
				0EE770C31CBF8C54007314D9 /* BombKitGenreModel.h in Headers */,
				0EFE6FC71CBDEE8700D5D26D /* BombKitConstant.h in Headers */,
				0EE771131CBF8CCB007314D9 /* BombKitThemeModel.h in Headers */,
				0EE770AB1CBF8C09007314D9 /* BombKitFranchiseModel.h in Headers */,
				0EE770D31CBF8C68007314D9 /* BombKitObjectModel.h in Headers */,
				0EE770B31CBF8C13007314D9 /* BombKitGameModel.h in Headers */,
				0EE7711B1CBF8CD5007314D9 /* BombKitTypesModel.h in Headers */,
				0EE770831CBF8BD2007314D9 /* BombKitAccessoryModel.h in Headers */,
				0E279E921CBB5C9700F2582A /* NSError+BombKit.h in Headers */,
				0EE770771CBF7DB7007314D9 /* BombBaseModel.h in Headers */,
				0E279E8A1CBB564200F2582A /* BombRequestBuilder.h in Headers */,
				0EE770BB1CBF8C29007314D9 /* BombKitGameRatingModel.h in Headers */,
				0EE770A31CBF8BFF007314D9 /* BombKitConceptModel.h in Headers */,
				0EE770FB1CBF8CA9007314D9 /* BombKitRegionModel.h in Headers */,
				0EE770E31CBF8C81007314D9 /* BombKitPlatformModel.h in Headers */,
				0EE770DB1CBF8C74007314D9 /* BombKitPersonModel.h in Headers */,
				0E9788251CC9D7C600C5CD0F /* BombBaseModel+Private.h in Headers */,
				748E3BD61CBD38C700133052 /* BombKit.h in Headers */,
				0EE7707E1CBF8226007314D9 /* BombKitModel.h in Headers */,
				0EE7712B1CBF8CEA007314D9 /* BombKitVideoModel.h in Headers */,
				0EE770931CBF8BE8007314D9 /* BombKitChatModel.h in Headers */,
				0EE771031CBF8CB8007314D9 /* BombKitReleaseModel.h in Headers */,
				0EE771471CBF9608007314D9 /* BombKitModelFactory.h in Headers */,
				0EE771331CBF8CF6007314D9 /* BombKitVideoTypeModel.h in Headers */,
				0EE770CB1CBF8C5F007314D9 /* BombKitLocationModel.h in Headers */,
				0EE770F31CBF8C99007314D9 /* BombKitRatingBoardModel.h in Headers */,
			);
			runOnlyForDeploymentPostprocessing = 0;
		};
/* End PBXHeadersBuildPhase section */

/* Begin PBXNativeTarget section */
		0E279E181CBB52E900F2582A /* BombKit */ = {
			isa = PBXNativeTarget;
			buildConfigurationList = 0E279E2D1CBB52E900F2582A /* Build configuration list for PBXNativeTarget "BombKit" */;
			buildPhases = (
				0E279E141CBB52E900F2582A /* Sources */,
				0E279E151CBB52E900F2582A /* Frameworks */,
				0E279E161CBB52E900F2582A /* Headers */,
				0E279E171CBB52E900F2582A /* Resources */,
			);
			buildRules = (
			);
			dependencies = (
			);
			name = BombKit;
			productName = BombKit;
			productReference = 0E279E191CBB52E900F2582A /* BombKit.framework */;
			productType = "com.apple.product-type.framework";
		};
		0E279E221CBB52E900F2582A /* BombKitTests */ = {
			isa = PBXNativeTarget;
			buildConfigurationList = 0E279E301CBB52E900F2582A /* Build configuration list for PBXNativeTarget "BombKitTests" */;
			buildPhases = (
				0E279E1F1CBB52E900F2582A /* Sources */,
				0E279E201CBB52E900F2582A /* Frameworks */,
				0E279E211CBB52E900F2582A /* Resources */,
			);
			buildRules = (
			);
			dependencies = (
				0E279E261CBB52E900F2582A /* PBXTargetDependency */,
			);
			name = BombKitTests;
			productName = BombKitTests;
			productReference = 0E279E231CBB52E900F2582A /* BombKitTests.xctest */;
			productType = "com.apple.product-type.bundle.unit-test";
		};
		0E279E441CBB538C00F2582A /* BombKit OSX */ = {
			isa = PBXNativeTarget;
			buildConfigurationList = 0E279E561CBB538C00F2582A /* Build configuration list for PBXNativeTarget "BombKit OSX" */;
			buildPhases = (
				0E279E401CBB538C00F2582A /* Sources */,
				0E279E411CBB538C00F2582A /* Frameworks */,
				0E279E421CBB538C00F2582A /* Headers */,
				0E279E431CBB538C00F2582A /* Resources */,
			);
			buildRules = (
			);
			dependencies = (
			);
			name = "BombKit OSX";
			productName = "BombKit OSX";
			productReference = 0E279E451CBB538C00F2582A /* BombKit.framework */;
			productType = "com.apple.product-type.framework";
		};
		0E279E4D1CBB538C00F2582A /* BombKit OSXTests */ = {
			isa = PBXNativeTarget;
			buildConfigurationList = 0E279E591CBB538C00F2582A /* Build configuration list for PBXNativeTarget "BombKit OSXTests" */;
			buildPhases = (
				0E279E4A1CBB538C00F2582A /* Sources */,
				0E279E4B1CBB538C00F2582A /* Frameworks */,
				0E279E4C1CBB538C00F2582A /* Resources */,
			);
			buildRules = (
			);
			dependencies = (
				0E279E511CBB538C00F2582A /* PBXTargetDependency */,
			);
			name = "BombKit OSXTests";
			productName = "BombKit OSXTests";
			productReference = 0E279E4E1CBB538C00F2582A /* BombKit OSXTests.xctest */;
			productType = "com.apple.product-type.bundle.unit-test";
		};
		0E279E601CBB543400F2582A /* BombKit tvOS */ = {
			isa = PBXNativeTarget;
			buildConfigurationList = 0E279E721CBB543400F2582A /* Build configuration list for PBXNativeTarget "BombKit tvOS" */;
			buildPhases = (
				0E279E5C1CBB543400F2582A /* Sources */,
				0E279E5D1CBB543400F2582A /* Frameworks */,
				0E279E5E1CBB543400F2582A /* Headers */,
				0E279E5F1CBB543400F2582A /* Resources */,
			);
			buildRules = (
			);
			dependencies = (
			);
			name = "BombKit tvOS";
			productName = "BombKit tvOS";
			productReference = 0E279E611CBB543400F2582A /* BombKit.framework */;
			productType = "com.apple.product-type.framework";
		};
		0E279E691CBB543400F2582A /* BombKit tvOSTests */ = {
			isa = PBXNativeTarget;
			buildConfigurationList = 0E279E751CBB543400F2582A /* Build configuration list for PBXNativeTarget "BombKit tvOSTests" */;
			buildPhases = (
				0E279E661CBB543400F2582A /* Sources */,
				0E279E671CBB543400F2582A /* Frameworks */,
				0E279E681CBB543400F2582A /* Resources */,
			);
			buildRules = (
			);
			dependencies = (
				0E279E6D1CBB543400F2582A /* PBXTargetDependency */,
			);
			name = "BombKit tvOSTests";
			productName = "BombKit tvOSTests";
			productReference = 0E279E6A1CBB543400F2582A /* BombKit tvOSTests.xctest */;
			productType = "com.apple.product-type.bundle.unit-test";
		};
/* End PBXNativeTarget section */

/* Begin PBXProject section */
		0E279E101CBB52E900F2582A /* Project object */ = {
			isa = PBXProject;
			attributes = {
				CLASSPREFIX = BombKit;
				LastUpgradeCheck = 0730;
				ORGANIZATIONNAME = darkcl;
				TargetAttributes = {
					0E279E181CBB52E900F2582A = {
						CreatedOnToolsVersion = 7.3;
					};
					0E279E221CBB52E900F2582A = {
						CreatedOnToolsVersion = 7.3;
					};
					0E279E441CBB538C00F2582A = {
						CreatedOnToolsVersion = 7.3;
					};
					0E279E4D1CBB538C00F2582A = {
						CreatedOnToolsVersion = 7.3;
					};
					0E279E601CBB543400F2582A = {
						CreatedOnToolsVersion = 7.3;
					};
					0E279E691CBB543400F2582A = {
						CreatedOnToolsVersion = 7.3;
					};
				};
			};
			buildConfigurationList = 0E279E131CBB52E900F2582A /* Build configuration list for PBXProject "BombKit" */;
			compatibilityVersion = "Xcode 3.2";
			developmentRegion = English;
			hasScannedForEncodings = 0;
			knownRegions = (
				en,
			);
			mainGroup = 0E279E0F1CBB52E900F2582A;
			productRefGroup = 0E279E1A1CBB52E900F2582A /* Products */;
			projectDirPath = "";
			projectRoot = "";
			targets = (
				0E279E181CBB52E900F2582A /* BombKit */,
				0E279E221CBB52E900F2582A /* BombKitTests */,
				0E279E441CBB538C00F2582A /* BombKit OSX */,
				0E279E4D1CBB538C00F2582A /* BombKit OSXTests */,
				0E279E601CBB543400F2582A /* BombKit tvOS */,
				0E279E691CBB543400F2582A /* BombKit tvOSTests */,
			);
		};
/* End PBXProject section */

/* Begin PBXResourcesBuildPhase section */
		0E279E171CBB52E900F2582A /* Resources */ = {
			isa = PBXResourcesBuildPhase;
			buildActionMask = 2147483647;
			files = (
			);
			runOnlyForDeploymentPostprocessing = 0;
		};
		0E279E211CBB52E900F2582A /* Resources */ = {
			isa = PBXResourcesBuildPhase;
			buildActionMask = 2147483647;
			files = (
			);
			runOnlyForDeploymentPostprocessing = 0;
		};
		0E279E431CBB538C00F2582A /* Resources */ = {
			isa = PBXResourcesBuildPhase;
			buildActionMask = 2147483647;
			files = (
			);
			runOnlyForDeploymentPostprocessing = 0;
		};
		0E279E4C1CBB538C00F2582A /* Resources */ = {
			isa = PBXResourcesBuildPhase;
			buildActionMask = 2147483647;
			files = (
			);
			runOnlyForDeploymentPostprocessing = 0;
		};
		0E279E5F1CBB543400F2582A /* Resources */ = {
			isa = PBXResourcesBuildPhase;
			buildActionMask = 2147483647;
			files = (
			);
			runOnlyForDeploymentPostprocessing = 0;
		};
		0E279E681CBB543400F2582A /* Resources */ = {
			isa = PBXResourcesBuildPhase;
			buildActionMask = 2147483647;
			files = (
			);
			runOnlyForDeploymentPostprocessing = 0;
		};
/* End PBXResourcesBuildPhase section */

/* Begin PBXSourcesBuildPhase section */
		0E279E141CBB52E900F2582A /* Sources */ = {
			isa = PBXSourcesBuildPhase;
			buildActionMask = 2147483647;
			files = (
				0E279E7F1CBB54E500F2582A /* BombRequest.m in Sources */,
				0EE7710C1CBF8CC1007314D9 /* BombKitReviewModel.m in Sources */,
				0E279E8B1CBB564200F2582A /* BombRequestBuilder.m in Sources */,
				0EE771241CBF8CDF007314D9 /* BombKitUserReviewModel.m in Sources */,
				0EE771041CBF8CB8007314D9 /* BombKitReleaseModel.m in Sources */,
				0EE770C41CBF8C54007314D9 /* BombKitGenreModel.m in Sources */,
				0EE7709C1CBF8BF4007314D9 /* BombKitCompanyModel.m in Sources */,
				0EE7711C1CBF8CD5007314D9 /* BombKitTypesModel.m in Sources */,
				0EE771341CBF8CF6007314D9 /* BombKitVideoTypeModel.m in Sources */,
				0EE771481CBF9608007314D9 /* BombKitModelFactory.m in Sources */,
				0E97882E1CC9DB6200C5CD0F /* BombKitImageModel.m in Sources */,
				0EE770A41CBF8BFF007314D9 /* BombKitConceptModel.m in Sources */,
				0EE770BC1CBF8C29007314D9 /* BombKitGameRatingModel.m in Sources */,
				0E9788261CC9D7C600C5CD0F /* BombBaseModel+Private.m in Sources */,
				0EE770DC1CBF8C74007314D9 /* BombKitPersonModel.m in Sources */,
				0EE770B41CBF8C13007314D9 /* BombKitGameModel.m in Sources */,
				0EE771141CBF8CCB007314D9 /* BombKitThemeModel.m in Sources */,
				0EE770AC1CBF8C09007314D9 /* BombKitFranchiseModel.m in Sources */,
				0EE7712C1CBF8CEA007314D9 /* BombKitVideoModel.m in Sources */,
				0EFE6FC81CBDEE8700D5D26D /* BombKitConstant.m in Sources */,
				0EE770841CBF8BD2007314D9 /* BombKitAccessoryModel.m in Sources */,
				0EE7713C1CBF8D02007314D9 /* BombKitVideoShowModel.m in Sources */,
				0EE770E41CBF8C81007314D9 /* BombKitPlatformModel.m in Sources */,
				0EE770781CBF7DB7007314D9 /* BombBaseModel.m in Sources */,
				0EE7708C1CBF8BDD007314D9 /* BombKitCharacterModel.m in Sources */,
				0EE770941CBF8BE8007314D9 /* BombKitChatModel.m in Sources */,
				0EE770EC1CBF8C8D007314D9 /* BombKitPromoModel.m in Sources */,
				0E279E931CBB5C9700F2582A /* NSError+BombKit.m in Sources */,
				0EE770FC1CBF8CA9007314D9 /* BombKitRegionModel.m in Sources */,
				0EE770CC1CBF8C5F007314D9 /* BombKitLocationModel.m in Sources */,
				0EE770F41CBF8C99007314D9 /* BombKitRatingBoardModel.m in Sources */,
				0EE770D41CBF8C68007314D9 /* BombKitObjectModel.m in Sources */,
			);
			runOnlyForDeploymentPostprocessing = 0;
		};
		0E279E1F1CBB52E900F2582A /* Sources */ = {
			isa = PBXSourcesBuildPhase;
			buildActionMask = 2147483647;
			files = (
				0E279E831CBB552200F2582A /* BombRequestTests.m in Sources */,
			);
			runOnlyForDeploymentPostprocessing = 0;
		};
		0E279E401CBB538C00F2582A /* Sources */ = {
			isa = PBXSourcesBuildPhase;
			buildActionMask = 2147483647;
			files = (
				0E279E801CBB54E500F2582A /* BombRequest.m in Sources */,
				0EE7710D1CBF8CC1007314D9 /* BombKitReviewModel.m in Sources */,
				0E279E8C1CBB564200F2582A /* BombRequestBuilder.m in Sources */,
				0EE771251CBF8CDF007314D9 /* BombKitUserReviewModel.m in Sources */,
				0EE771051CBF8CB8007314D9 /* BombKitReleaseModel.m in Sources */,
				0EE770C51CBF8C54007314D9 /* BombKitGenreModel.m in Sources */,
				0EE7709D1CBF8BF4007314D9 /* BombKitCompanyModel.m in Sources */,
				0EE7711D1CBF8CD5007314D9 /* BombKitTypesModel.m in Sources */,
				0EE771351CBF8CF6007314D9 /* BombKitVideoTypeModel.m in Sources */,
				0EE771491CBF9608007314D9 /* BombKitModelFactory.m in Sources */,
				0E97882F1CC9DB6200C5CD0F /* BombKitImageModel.m in Sources */,
				0EE770A51CBF8BFF007314D9 /* BombKitConceptModel.m in Sources */,
				0EE770BD1CBF8C29007314D9 /* BombKitGameRatingModel.m in Sources */,
				0E9788271CC9D7C600C5CD0F /* BombBaseModel+Private.m in Sources */,
				0EE770DD1CBF8C74007314D9 /* BombKitPersonModel.m in Sources */,
				0EE770B51CBF8C13007314D9 /* BombKitGameModel.m in Sources */,
				0EE771151CBF8CCB007314D9 /* BombKitThemeModel.m in Sources */,
				0EE770AD1CBF8C09007314D9 /* BombKitFranchiseModel.m in Sources */,
				0EE7712D1CBF8CEA007314D9 /* BombKitVideoModel.m in Sources */,
				0EFE6FC91CBDEE8700D5D26D /* BombKitConstant.m in Sources */,
				0EE770851CBF8BD2007314D9 /* BombKitAccessoryModel.m in Sources */,
				0EE7713D1CBF8D02007314D9 /* BombKitVideoShowModel.m in Sources */,
				0EE770E51CBF8C81007314D9 /* BombKitPlatformModel.m in Sources */,
				0EE770791CBF7DB7007314D9 /* BombBaseModel.m in Sources */,
				0EE7708D1CBF8BDD007314D9 /* BombKitCharacterModel.m in Sources */,
				0EE770951CBF8BE8007314D9 /* BombKitChatModel.m in Sources */,
				0EE770ED1CBF8C8D007314D9 /* BombKitPromoModel.m in Sources */,
				0E279E941CBB5C9700F2582A /* NSError+BombKit.m in Sources */,
				0EE770FD1CBF8CA9007314D9 /* BombKitRegionModel.m in Sources */,
				0EE770CD1CBF8C5F007314D9 /* BombKitLocationModel.m in Sources */,
				0EE770F51CBF8C99007314D9 /* BombKitRatingBoardModel.m in Sources */,
				0EE770D51CBF8C68007314D9 /* BombKitObjectModel.m in Sources */,
			);
			runOnlyForDeploymentPostprocessing = 0;
		};
		0E279E4A1CBB538C00F2582A /* Sources */ = {
			isa = PBXSourcesBuildPhase;
			buildActionMask = 2147483647;
			files = (
				0E279E841CBB552200F2582A /* BombRequestTests.m in Sources */,
			);
			runOnlyForDeploymentPostprocessing = 0;
		};
		0E279E5C1CBB543400F2582A /* Sources */ = {
			isa = PBXSourcesBuildPhase;
			buildActionMask = 2147483647;
			files = (
				0E279E811CBB54E500F2582A /* BombRequest.m in Sources */,
				0EE7710E1CBF8CC1007314D9 /* BombKitReviewModel.m in Sources */,
				0E279E8D1CBB564200F2582A /* BombRequestBuilder.m in Sources */,
				0EE771261CBF8CDF007314D9 /* BombKitUserReviewModel.m in Sources */,
				0EE771061CBF8CB8007314D9 /* BombKitReleaseModel.m in Sources */,
				0EE770C61CBF8C54007314D9 /* BombKitGenreModel.m in Sources */,
				0EE7709E1CBF8BF4007314D9 /* BombKitCompanyModel.m in Sources */,
				0EE7711E1CBF8CD5007314D9 /* BombKitTypesModel.m in Sources */,
				0EE771361CBF8CF6007314D9 /* BombKitVideoTypeModel.m in Sources */,
				0EE7714A1CBF9608007314D9 /* BombKitModelFactory.m in Sources */,
				0E9788301CC9DB6200C5CD0F /* BombKitImageModel.m in Sources */,
				0EE770A61CBF8BFF007314D9 /* BombKitConceptModel.m in Sources */,
				0EE770BE1CBF8C29007314D9 /* BombKitGameRatingModel.m in Sources */,
				0E9788281CC9D7C600C5CD0F /* BombBaseModel+Private.m in Sources */,
				0EE770DE1CBF8C74007314D9 /* BombKitPersonModel.m in Sources */,
				0EE770B61CBF8C13007314D9 /* BombKitGameModel.m in Sources */,
				0EE771161CBF8CCB007314D9 /* BombKitThemeModel.m in Sources */,
				0EE770AE1CBF8C09007314D9 /* BombKitFranchiseModel.m in Sources */,
				0EE7712E1CBF8CEA007314D9 /* BombKitVideoModel.m in Sources */,
				0EFE6FCA1CBDEE8700D5D26D /* BombKitConstant.m in Sources */,
				0EE770861CBF8BD2007314D9 /* BombKitAccessoryModel.m in Sources */,
				0EE7713E1CBF8D02007314D9 /* BombKitVideoShowModel.m in Sources */,
				0EE770E61CBF8C81007314D9 /* BombKitPlatformModel.m in Sources */,
				0EE7707A1CBF7DB7007314D9 /* BombBaseModel.m in Sources */,
				0EE7708E1CBF8BDD007314D9 /* BombKitCharacterModel.m in Sources */,
				0EE770961CBF8BE8007314D9 /* BombKitChatModel.m in Sources */,
				0EE770EE1CBF8C8D007314D9 /* BombKitPromoModel.m in Sources */,
				0E279E951CBB5C9700F2582A /* NSError+BombKit.m in Sources */,
				0EE770FE1CBF8CA9007314D9 /* BombKitRegionModel.m in Sources */,
				0EE770CE1CBF8C5F007314D9 /* BombKitLocationModel.m in Sources */,
				0EE770F61CBF8C99007314D9 /* BombKitRatingBoardModel.m in Sources */,
				0EE770D61CBF8C68007314D9 /* BombKitObjectModel.m in Sources */,
			);
			runOnlyForDeploymentPostprocessing = 0;
		};
		0E279E661CBB543400F2582A /* Sources */ = {
			isa = PBXSourcesBuildPhase;
			buildActionMask = 2147483647;
			files = (
				0E279E851CBB552200F2582A /* BombRequestTests.m in Sources */,
			);
			runOnlyForDeploymentPostprocessing = 0;
		};
/* End PBXSourcesBuildPhase section */

/* Begin PBXTargetDependency section */
		0E279E261CBB52E900F2582A /* PBXTargetDependency */ = {
			isa = PBXTargetDependency;
			target = 0E279E181CBB52E900F2582A /* BombKit */;
			targetProxy = 0E279E251CBB52E900F2582A /* PBXContainerItemProxy */;
		};
		0E279E511CBB538C00F2582A /* PBXTargetDependency */ = {
			isa = PBXTargetDependency;
			target = 0E279E441CBB538C00F2582A /* BombKit OSX */;
			targetProxy = 0E279E501CBB538C00F2582A /* PBXContainerItemProxy */;
		};
		0E279E6D1CBB543400F2582A /* PBXTargetDependency */ = {
			isa = PBXTargetDependency;
			target = 0E279E601CBB543400F2582A /* BombKit tvOS */;
			targetProxy = 0E279E6C1CBB543400F2582A /* PBXContainerItemProxy */;
		};
/* End PBXTargetDependency section */

/* Begin XCBuildConfiguration section */
		0E279E2B1CBB52E900F2582A /* Debug */ = {
			isa = XCBuildConfiguration;
			buildSettings = {
				ALWAYS_SEARCH_USER_PATHS = NO;
				CLANG_ANALYZER_NONNULL = YES;
				CLANG_CXX_LANGUAGE_STANDARD = "gnu++0x";
				CLANG_CXX_LIBRARY = "libc++";
				CLANG_ENABLE_MODULES = YES;
				CLANG_ENABLE_OBJC_ARC = YES;
				CLANG_WARN_BOOL_CONVERSION = YES;
				CLANG_WARN_CONSTANT_CONVERSION = YES;
				CLANG_WARN_DIRECT_OBJC_ISA_USAGE = YES_ERROR;
				CLANG_WARN_EMPTY_BODY = YES;
				CLANG_WARN_ENUM_CONVERSION = YES;
				CLANG_WARN_INT_CONVERSION = YES;
				CLANG_WARN_OBJC_ROOT_CLASS = YES_ERROR;
				CLANG_WARN_UNREACHABLE_CODE = YES;
				CLANG_WARN__DUPLICATE_METHOD_MATCH = YES;
				"CODE_SIGN_IDENTITY[sdk=iphoneos*]" = "iPhone Developer";
				COPY_PHASE_STRIP = NO;
				CURRENT_PROJECT_VERSION = 1;
				DEBUG_INFORMATION_FORMAT = dwarf;
				ENABLE_STRICT_OBJC_MSGSEND = YES;
				ENABLE_TESTABILITY = YES;
				GCC_C_LANGUAGE_STANDARD = gnu99;
				GCC_DYNAMIC_NO_PIC = NO;
				GCC_NO_COMMON_BLOCKS = YES;
				GCC_OPTIMIZATION_LEVEL = 0;
				GCC_PREPROCESSOR_DEFINITIONS = (
					"DEBUG=1",
					"$(inherited)",
				);
				GCC_WARN_64_TO_32_BIT_CONVERSION = YES;
				GCC_WARN_ABOUT_RETURN_TYPE = YES_ERROR;
				GCC_WARN_UNDECLARED_SELECTOR = YES;
				GCC_WARN_UNINITIALIZED_AUTOS = YES_AGGRESSIVE;
				GCC_WARN_UNUSED_FUNCTION = YES;
				GCC_WARN_UNUSED_VARIABLE = YES;
				IPHONEOS_DEPLOYMENT_TARGET = 9.3;
				MTL_ENABLE_DEBUG_INFO = YES;
				ONLY_ACTIVE_ARCH = YES;
				SDKROOT = iphoneos;
				TARGETED_DEVICE_FAMILY = "1,2";
				VERSIONING_SYSTEM = "apple-generic";
				VERSION_INFO_PREFIX = "";
			};
			name = Debug;
		};
		0E279E2C1CBB52E900F2582A /* Release */ = {
			isa = XCBuildConfiguration;
			buildSettings = {
				ALWAYS_SEARCH_USER_PATHS = NO;
				CLANG_ANALYZER_NONNULL = YES;
				CLANG_CXX_LANGUAGE_STANDARD = "gnu++0x";
				CLANG_CXX_LIBRARY = "libc++";
				CLANG_ENABLE_MODULES = YES;
				CLANG_ENABLE_OBJC_ARC = YES;
				CLANG_WARN_BOOL_CONVERSION = YES;
				CLANG_WARN_CONSTANT_CONVERSION = YES;
				CLANG_WARN_DIRECT_OBJC_ISA_USAGE = YES_ERROR;
				CLANG_WARN_EMPTY_BODY = YES;
				CLANG_WARN_ENUM_CONVERSION = YES;
				CLANG_WARN_INT_CONVERSION = YES;
				CLANG_WARN_OBJC_ROOT_CLASS = YES_ERROR;
				CLANG_WARN_UNREACHABLE_CODE = YES;
				CLANG_WARN__DUPLICATE_METHOD_MATCH = YES;
				"CODE_SIGN_IDENTITY[sdk=iphoneos*]" = "iPhone Developer";
				COPY_PHASE_STRIP = NO;
				CURRENT_PROJECT_VERSION = 1;
				DEBUG_INFORMATION_FORMAT = "dwarf-with-dsym";
				ENABLE_NS_ASSERTIONS = NO;
				ENABLE_STRICT_OBJC_MSGSEND = YES;
				GCC_C_LANGUAGE_STANDARD = gnu99;
				GCC_NO_COMMON_BLOCKS = YES;
				GCC_WARN_64_TO_32_BIT_CONVERSION = YES;
				GCC_WARN_ABOUT_RETURN_TYPE = YES_ERROR;
				GCC_WARN_UNDECLARED_SELECTOR = YES;
				GCC_WARN_UNINITIALIZED_AUTOS = YES_AGGRESSIVE;
				GCC_WARN_UNUSED_FUNCTION = YES;
				GCC_WARN_UNUSED_VARIABLE = YES;
				IPHONEOS_DEPLOYMENT_TARGET = 9.3;
				MTL_ENABLE_DEBUG_INFO = NO;
				SDKROOT = iphoneos;
				TARGETED_DEVICE_FAMILY = "1,2";
				VALIDATE_PRODUCT = YES;
				VERSIONING_SYSTEM = "apple-generic";
				VERSION_INFO_PREFIX = "";
			};
			name = Release;
		};
		0E279E2E1CBB52E900F2582A /* Debug */ = {
			isa = XCBuildConfiguration;
			buildSettings = {
				DEFINES_MODULE = YES;
				DYLIB_COMPATIBILITY_VERSION = 1;
				DYLIB_CURRENT_VERSION = 1;
				DYLIB_INSTALL_NAME_BASE = "@rpath";
				INFOPLIST_FILE = BombKit/Info.plist;
				INSTALL_PATH = "$(LOCAL_LIBRARY_DIR)/Frameworks";
				LD_RUNPATH_SEARCH_PATHS = "$(inherited) @executable_path/Frameworks @loader_path/Frameworks";
				PRODUCT_BUNDLE_IDENTIFIER = com.darkcl.BombKit;
				PRODUCT_NAME = BombKit;
				SKIP_INSTALL = YES;
			};
			name = Debug;
		};
		0E279E2F1CBB52E900F2582A /* Release */ = {
			isa = XCBuildConfiguration;
			buildSettings = {
				DEFINES_MODULE = YES;
				DYLIB_COMPATIBILITY_VERSION = 1;
				DYLIB_CURRENT_VERSION = 1;
				DYLIB_INSTALL_NAME_BASE = "@rpath";
				INFOPLIST_FILE = BombKit/Info.plist;
				INSTALL_PATH = "$(LOCAL_LIBRARY_DIR)/Frameworks";
				LD_RUNPATH_SEARCH_PATHS = "$(inherited) @executable_path/Frameworks @loader_path/Frameworks";
				PRODUCT_BUNDLE_IDENTIFIER = com.darkcl.BombKit;
				PRODUCT_NAME = BombKit;
				SKIP_INSTALL = YES;
			};
			name = Release;
		};
		0E279E311CBB52E900F2582A /* Debug */ = {
			isa = XCBuildConfiguration;
			buildSettings = {
				INFOPLIST_FILE = BombKitTests/Info.plist;
				LD_RUNPATH_SEARCH_PATHS = "$(inherited) @executable_path/Frameworks @loader_path/Frameworks";
				PRODUCT_BUNDLE_IDENTIFIER = com.darkcl.BombKitTests;
				PRODUCT_NAME = "$(TARGET_NAME)";
			};
			name = Debug;
		};
		0E279E321CBB52E900F2582A /* Release */ = {
			isa = XCBuildConfiguration;
			buildSettings = {
				INFOPLIST_FILE = BombKitTests/Info.plist;
				LD_RUNPATH_SEARCH_PATHS = "$(inherited) @executable_path/Frameworks @loader_path/Frameworks";
				PRODUCT_BUNDLE_IDENTIFIER = com.darkcl.BombKitTests;
				PRODUCT_NAME = "$(TARGET_NAME)";
			};
			name = Release;
		};
		0E279E571CBB538C00F2582A /* Debug */ = {
			isa = XCBuildConfiguration;
			buildSettings = {
				CODE_SIGN_IDENTITY = "-";
				COMBINE_HIDPI_IMAGES = YES;
				DEFINES_MODULE = YES;
				DYLIB_COMPATIBILITY_VERSION = 1;
				DYLIB_CURRENT_VERSION = 1;
				DYLIB_INSTALL_NAME_BASE = "@rpath";
				FRAMEWORK_VERSION = A;
				INFOPLIST_FILE = "BombKit OSX/Info.plist";
				INSTALL_PATH = "$(LOCAL_LIBRARY_DIR)/Frameworks";
				LD_RUNPATH_SEARCH_PATHS = "$(inherited) @executable_path/../Frameworks @loader_path/Frameworks";
				MACOSX_DEPLOYMENT_TARGET = 10.11;
				PRODUCT_BUNDLE_IDENTIFIER = com.darkcl.BombKit;
				PRODUCT_NAME = BombKit;
				SDKROOT = macosx;
				SKIP_INSTALL = YES;
			};
			name = Debug;
		};
		0E279E581CBB538C00F2582A /* Release */ = {
			isa = XCBuildConfiguration;
			buildSettings = {
				CODE_SIGN_IDENTITY = "-";
				COMBINE_HIDPI_IMAGES = YES;
				DEFINES_MODULE = YES;
				DYLIB_COMPATIBILITY_VERSION = 1;
				DYLIB_CURRENT_VERSION = 1;
				DYLIB_INSTALL_NAME_BASE = "@rpath";
				FRAMEWORK_VERSION = A;
				INFOPLIST_FILE = "BombKit OSX/Info.plist";
				INSTALL_PATH = "$(LOCAL_LIBRARY_DIR)/Frameworks";
				LD_RUNPATH_SEARCH_PATHS = "$(inherited) @executable_path/../Frameworks @loader_path/Frameworks";
				MACOSX_DEPLOYMENT_TARGET = 10.11;
				PRODUCT_BUNDLE_IDENTIFIER = com.darkcl.BombKit;
				PRODUCT_NAME = BombKit;
				SDKROOT = macosx;
				SKIP_INSTALL = YES;
			};
			name = Release;
		};
		0E279E5A1CBB538C00F2582A /* Debug */ = {
			isa = XCBuildConfiguration;
			buildSettings = {
				CODE_SIGN_IDENTITY = "-";
				COMBINE_HIDPI_IMAGES = YES;
				INFOPLIST_FILE = "BombKit OSXTests/Info.plist";
				LD_RUNPATH_SEARCH_PATHS = "$(inherited) @executable_path/../Frameworks @loader_path/../Frameworks";
				MACOSX_DEPLOYMENT_TARGET = 10.11;
				PRODUCT_BUNDLE_IDENTIFIER = "com.darkcl.BombKit-OSXTests";
				PRODUCT_NAME = "$(TARGET_NAME)";
				SDKROOT = macosx;
			};
			name = Debug;
		};
		0E279E5B1CBB538C00F2582A /* Release */ = {
			isa = XCBuildConfiguration;
			buildSettings = {
				CODE_SIGN_IDENTITY = "-";
				COMBINE_HIDPI_IMAGES = YES;
				INFOPLIST_FILE = "BombKit OSXTests/Info.plist";
				LD_RUNPATH_SEARCH_PATHS = "$(inherited) @executable_path/../Frameworks @loader_path/../Frameworks";
				MACOSX_DEPLOYMENT_TARGET = 10.11;
				PRODUCT_BUNDLE_IDENTIFIER = "com.darkcl.BombKit-OSXTests";
				PRODUCT_NAME = "$(TARGET_NAME)";
				SDKROOT = macosx;
			};
			name = Release;
		};
		0E279E731CBB543400F2582A /* Debug */ = {
			isa = XCBuildConfiguration;
			buildSettings = {
				DEFINES_MODULE = YES;
				DYLIB_COMPATIBILITY_VERSION = 1;
				DYLIB_CURRENT_VERSION = 1;
				DYLIB_INSTALL_NAME_BASE = "@rpath";
				INFOPLIST_FILE = "BombKit tvOS/Info.plist";
				INSTALL_PATH = "$(LOCAL_LIBRARY_DIR)/Frameworks";
				LD_RUNPATH_SEARCH_PATHS = "$(inherited) @executable_path/Frameworks @loader_path/Frameworks";
				PRODUCT_BUNDLE_IDENTIFIER = com.darkcl.BombKit;
				PRODUCT_NAME = BombKit;
				SDKROOT = appletvos;
				SKIP_INSTALL = YES;
				TARGETED_DEVICE_FAMILY = 3;
				TVOS_DEPLOYMENT_TARGET = 9.2;
			};
			name = Debug;
		};
		0E279E741CBB543400F2582A /* Release */ = {
			isa = XCBuildConfiguration;
			buildSettings = {
				DEFINES_MODULE = YES;
				DYLIB_COMPATIBILITY_VERSION = 1;
				DYLIB_CURRENT_VERSION = 1;
				DYLIB_INSTALL_NAME_BASE = "@rpath";
				INFOPLIST_FILE = "BombKit tvOS/Info.plist";
				INSTALL_PATH = "$(LOCAL_LIBRARY_DIR)/Frameworks";
				LD_RUNPATH_SEARCH_PATHS = "$(inherited) @executable_path/Frameworks @loader_path/Frameworks";
				PRODUCT_BUNDLE_IDENTIFIER = com.darkcl.BombKit;
				PRODUCT_NAME = BombKit;
				SDKROOT = appletvos;
				SKIP_INSTALL = YES;
				TARGETED_DEVICE_FAMILY = 3;
				TVOS_DEPLOYMENT_TARGET = 9.2;
			};
			name = Release;
		};
		0E279E761CBB543400F2582A /* Debug */ = {
			isa = XCBuildConfiguration;
			buildSettings = {
				INFOPLIST_FILE = "BombKit tvOSTests/Info.plist";
				LD_RUNPATH_SEARCH_PATHS = "$(inherited) @executable_path/Frameworks @loader_path/Frameworks";
				PRODUCT_BUNDLE_IDENTIFIER = "com.darkcl.BombKit-tvOSTests";
				PRODUCT_NAME = "$(TARGET_NAME)";
				SDKROOT = appletvos;
				TVOS_DEPLOYMENT_TARGET = 9.2;
			};
			name = Debug;
		};
		0E279E771CBB543400F2582A /* Release */ = {
			isa = XCBuildConfiguration;
			buildSettings = {
				INFOPLIST_FILE = "BombKit tvOSTests/Info.plist";
				LD_RUNPATH_SEARCH_PATHS = "$(inherited) @executable_path/Frameworks @loader_path/Frameworks";
				PRODUCT_BUNDLE_IDENTIFIER = "com.darkcl.BombKit-tvOSTests";
				PRODUCT_NAME = "$(TARGET_NAME)";
				SDKROOT = appletvos;
				TVOS_DEPLOYMENT_TARGET = 9.2;
			};
			name = Release;
		};
/* End XCBuildConfiguration section */

/* Begin XCConfigurationList section */
		0E279E131CBB52E900F2582A /* Build configuration list for PBXProject "BombKit" */ = {
			isa = XCConfigurationList;
			buildConfigurations = (
				0E279E2B1CBB52E900F2582A /* Debug */,
				0E279E2C1CBB52E900F2582A /* Release */,
			);
			defaultConfigurationIsVisible = 0;
			defaultConfigurationName = Release;
		};
		0E279E2D1CBB52E900F2582A /* Build configuration list for PBXNativeTarget "BombKit" */ = {
			isa = XCConfigurationList;
			buildConfigurations = (
				0E279E2E1CBB52E900F2582A /* Debug */,
				0E279E2F1CBB52E900F2582A /* Release */,
			);
			defaultConfigurationIsVisible = 0;
			defaultConfigurationName = Release;
		};
		0E279E301CBB52E900F2582A /* Build configuration list for PBXNativeTarget "BombKitTests" */ = {
			isa = XCConfigurationList;
			buildConfigurations = (
				0E279E311CBB52E900F2582A /* Debug */,
				0E279E321CBB52E900F2582A /* Release */,
			);
			defaultConfigurationIsVisible = 0;
			defaultConfigurationName = Release;
		};
		0E279E561CBB538C00F2582A /* Build configuration list for PBXNativeTarget "BombKit OSX" */ = {
			isa = XCConfigurationList;
			buildConfigurations = (
				0E279E571CBB538C00F2582A /* Debug */,
				0E279E581CBB538C00F2582A /* Release */,
			);
			defaultConfigurationIsVisible = 0;
			defaultConfigurationName = Release;
		};
		0E279E591CBB538C00F2582A /* Build configuration list for PBXNativeTarget "BombKit OSXTests" */ = {
			isa = XCConfigurationList;
			buildConfigurations = (
				0E279E5A1CBB538C00F2582A /* Debug */,
				0E279E5B1CBB538C00F2582A /* Release */,
			);
			defaultConfigurationIsVisible = 0;
			defaultConfigurationName = Release;
		};
		0E279E721CBB543400F2582A /* Build configuration list for PBXNativeTarget "BombKit tvOS" */ = {
			isa = XCConfigurationList;
			buildConfigurations = (
				0E279E731CBB543400F2582A /* Debug */,
				0E279E741CBB543400F2582A /* Release */,
			);
			defaultConfigurationIsVisible = 0;
			defaultConfigurationName = Release;
		};
		0E279E751CBB543400F2582A /* Build configuration list for PBXNativeTarget "BombKit tvOSTests" */ = {
			isa = XCConfigurationList;
			buildConfigurations = (
				0E279E761CBB543400F2582A /* Debug */,
				0E279E771CBB543400F2582A /* Release */,
			);
			defaultConfigurationIsVisible = 0;
			defaultConfigurationName = Release;
		};
/* End XCConfigurationList section */
	};
	rootObject = 0E279E101CBB52E900F2582A /* Project object */;
}
